// !$*UTF8*$!
{
	archiveVersion = 1;
	classes = {
	};
	objectVersion = 46;
	objects = {

/* Begin PBXBuildFile section */
		00DC9AEDA564F3B8238BFF80 /* HasWritableFloatValueSpec.swift in Sources */ = {isa = PBXBuildFile; fileRef = 9493872E61FBBBC2D563CE95 /* HasWritableFloatValueSpec.swift */; };
		03D88F301B81C0E3C358F599 /* DoStack.swift in Sources */ = {isa = PBXBuildFile; fileRef = 3ED1EF40F2480D3DF3ACBA5B /* DoStack.swift */; };
		047FCE3C810F1D9890597E8D /* IntCached.swift in Sources */ = {isa = PBXBuildFile; fileRef = FA0EEF400AB6CA83941B53C9 /* IntCached.swift */; };
		04D7535A7C037163BC6CE583 /* FloatFromKeyValue.swift in Sources */ = {isa = PBXBuildFile; fileRef = 55B2FA9338AE7CD7812D855D /* FloatFromKeyValue.swift */; };
		0522C7AA50789B80C87F8108 /* WritableStringMemorySpec.swift in Sources */ = {isa = PBXBuildFile; fileRef = A59FC6822E406DC0C2C150B4 /* WritableStringMemorySpec.swift */; };
		094722DC87124A52D497C438 /* IsEqualFloats.swift in Sources */ = {isa = PBXBuildFile; fileRef = 4C3498149369DD3538287BA3 /* IsEqualFloats.swift */; };
		0C2F0FB08AA15052A6ECDD34 /* FloatFromStringSpec.swift in Sources */ = {isa = PBXBuildFile; fileRef = 7BA3A6DF25E2D159769B7FF6 /* FloatFromStringSpec.swift */; };
		100769E05CA2AAC19C3A1CBB /* Not.swift in Sources */ = {isa = PBXBuildFile; fileRef = 3959A829ACAE019134242AB5 /* Not.swift */; };
		11747B94257287110B905CD0 /* FloatCachedSpec.swift in Sources */ = {isa = PBXBuildFile; fileRef = 101A9F872D89BAFFC7B7E41A /* FloatCachedSpec.swift */; };
		16CDF01C639C9B1E2D64832E /* WritableStringFromWritableKeyValueSpec.swift in Sources */ = {isa = PBXBuildFile; fileRef = 3FB4CBA4976D4AAA1A480F29 /* WritableStringFromWritableKeyValueSpec.swift */; };
		198A0C426DBC7E77058A0300 /* OOInt.swift in Sources */ = {isa = PBXBuildFile; fileRef = 6282B7C08061ED4E2B10730D /* OOInt.swift */; };
		19948DF40FFB6DB895AB5F08 /* DoWritableBoolRemove.swift in Sources */ = {isa = PBXBuildFile; fileRef = 828450B5B9A6C91CF7828B54 /* DoWritableBoolRemove.swift */; };
		1B201C974A5AF9942D3D3562 /* IsEmptyString.swift in Sources */ = {isa = PBXBuildFile; fileRef = B008CF6C16532CBC19917E1B /* IsEmptyString.swift */; };
		1C05F6C3E9E0E068D56EC443 /* FloatIF.swift in Sources */ = {isa = PBXBuildFile; fileRef = CDECEC2D101C25E504E82FFD /* FloatIF.swift */; };
		1DA6E7F133D5606A10801B37 /* DoWritableFloatSet.swift in Sources */ = {isa = PBXBuildFile; fileRef = 2F15A974C6C8376519FD6DE4 /* DoWritableFloatSet.swift */; };
		20410F5D6AE5F49A8AA7DA3F /* BoolFromFloatSpec.swift in Sources */ = {isa = PBXBuildFile; fileRef = EB79FCE2A9AEF6CE5561638D /* BoolFromFloatSpec.swift */; };
		20A0718788AE1D2C5038FB48 /* DoWritableBoolRemoveSpec.swift in Sources */ = {isa = PBXBuildFile; fileRef = 17CB323A085AF0B0DBE55433 /* DoWritableBoolRemoveSpec.swift */; };
		2114F5281AC9D5C38FE7DD8C /* WritableBoolFromWritableKeyValue.swift in Sources */ = {isa = PBXBuildFile; fileRef = 4944A7887338D57DFF1E9E88 /* WritableBoolFromWritableKeyValue.swift */; };
		22EBF7B62DD72CB44F7EEB89 /* FloatIFSpec.swift in Sources */ = {isa = PBXBuildFile; fileRef = 0336966817E9AB5BB4ACFF88 /* FloatIFSpec.swift */; };
		240363C49FA11DD48F35FC64 /* IsEqualInts.swift in Sources */ = {isa = PBXBuildFile; fileRef = 18439E1F28E163E69A22AD3B /* IsEqualInts.swift */; };
		290B0A06D4F67AE4C6B4FEC1 /* StringSummarizedSpec.swift in Sources */ = {isa = PBXBuildFile; fileRef = ED0EA5E5A0F614A4E5746428 /* StringSummarizedSpec.swift */; };
		290CA44BAAB90B93FDAA4C47 /* IntIFSpec.swift in Sources */ = {isa = PBXBuildFile; fileRef = 8DBF17E46B4139F3099398A8 /* IntIFSpec.swift */; };
		2A28312525777D4B363A0DCC /* HasWritableBoolValueSpec.swift in Sources */ = {isa = PBXBuildFile; fileRef = 570EE8715799D811C5F8A967 /* HasWritableBoolValueSpec.swift */; };
		2CD21FDCC86C42729DB27DC1 /* IntFromKeyValue.swift in Sources */ = {isa = PBXBuildFile; fileRef = 25AAA3DB70AF7ACFD4E2CC30 /* IntFromKeyValue.swift */; };
		31C3422316C00DC648B97801 /* IntMultiplicated.swift in Sources */ = {isa = PBXBuildFile; fileRef = B33B103EC0E1E693BE073500 /* IntMultiplicated.swift */; };
		32507095C5CFFB0D060A477E /* WritableBoolMemorySpec.swift in Sources */ = {isa = PBXBuildFile; fileRef = 1AC9D06045E33622D1387797 /* WritableBoolMemorySpec.swift */; };
		33557281AD6FAB0A3558366E /* BoolFromStringSpec.swift in Sources */ = {isa = PBXBuildFile; fileRef = FAB10BE949AD965E8ADCE0C8 /* BoolFromStringSpec.swift */; };
		33A3568D988BC645BA7A863D /* WritableKeyValuePrefixedKeysSpec.swift in Sources */ = {isa = PBXBuildFile; fileRef = 326663A9709269EE275BB10C /* WritableKeyValuePrefixedKeysSpec.swift */; };
		3413D1A0168767A603F0E188 /* StringSummarized.swift in Sources */ = {isa = PBXBuildFile; fileRef = 5C12196D11473B3B68FA9F15 /* StringSummarized.swift */; };
		3849F027E5381EF5A03FCBEB /* FloatDivided.swift in Sources */ = {isa = PBXBuildFile; fileRef = D6E2558FC0593205739E16A5 /* FloatDivided.swift */; };
		390DF4FF25F17F5A49696D7B /* HasWritableBoolValue.swift in Sources */ = {isa = PBXBuildFile; fileRef = CB7D5275915838F616AA7BD1 /* HasWritableBoolValue.swift */; };
		391316E26D58D8E08C01BB0A /* IntFromBoolSpec.swift in Sources */ = {isa = PBXBuildFile; fileRef = 9C0F1B2FC2DFDFA8A505CE27 /* IntFromBoolSpec.swift */; };
		3A03BCED0BBDA4610031A646 /* StringConst.swift in Sources */ = {isa = PBXBuildFile; fileRef = D5A60684616ED1E880066955 /* StringConst.swift */; };
		3B14D885815F591C7F5AFA73 /* IntSubtracted.swift in Sources */ = {isa = PBXBuildFile; fileRef = E685E81115E5739B4689CB19 /* IntSubtracted.swift */; };
		3B6B0BB3993AF48D7EF9EBCC /* OOKeyValue.swift in Sources */ = {isa = PBXBuildFile; fileRef = D913557BFCEB7C3DC09718E6 /* OOKeyValue.swift */; };
		3CBF4CD04E369562D0C6B10A /* FloatMultiplicated.swift in Sources */ = {isa = PBXBuildFile; fileRef = 25FA58F3CF1614575225D2F2 /* FloatMultiplicated.swift */; };
		3E058F092E4DC584E6E99BA4 /* DoWritableStringSetSpec.swift in Sources */ = {isa = PBXBuildFile; fileRef = 3192188DF141146398769999 /* DoWritableStringSetSpec.swift */; };
		4619A2B912C28A4266FDE7E5 /* OR.swift in Sources */ = {isa = PBXBuildFile; fileRef = CBF11CDE23A9F771A5D8CF97 /* OR.swift */; };
		4A7588CCB7B7E87FA5B36DFC /* DoWritableIntRemove.swift in Sources */ = {isa = PBXBuildFile; fileRef = 346DBEB6B584CDB1CEE17EE4 /* DoWritableIntRemove.swift */; };
		4B84D2DC8D7AD7BB7BB178F1 /* DoWritableKeyValueSetSpec.swift in Sources */ = {isa = PBXBuildFile; fileRef = 230A094286C2B190C4CA4B16 /* DoWritableKeyValueSetSpec.swift */; };
		4BFA65624526545A0C4D73BE /* OOWritableFloat.swift in Sources */ = {isa = PBXBuildFile; fileRef = 4FA0A8289483854A220B6EB4 /* OOWritableFloat.swift */; };
		4D5F2AFA0CCAD1320951DD5A /* HasWritableStringValueSpec.swift in Sources */ = {isa = PBXBuildFile; fileRef = A50781D37A5B4307EAE8F5C8 /* HasWritableStringValueSpec.swift */; };
		4E96EBBCDFA3382E4819A972 /* InformNothing.swift in Sources */ = {isa = PBXBuildFile; fileRef = 25C6AECD749E7C107A9F1C0B /* InformNothing.swift */; };
		519533356DAB94F6126C9F69 /* OOBool.swift in Sources */ = {isa = PBXBuildFile; fileRef = 421D4134D1C154B4C5B05887 /* OOBool.swift */; };
		525573D4208EE26928085F31 /* IntFromBool.swift in Sources */ = {isa = PBXBuildFile; fileRef = 910AE6175B4D9C738612A191 /* IntFromBool.swift */; };
		52A9EBDEDBD25C58924023BE /* WritableFloatMemory.swift in Sources */ = {isa = PBXBuildFile; fileRef = 694775B4904E1E7319FACEBF /* WritableFloatMemory.swift */; };
		54C11F6D8D09D78B37035A8D /* IntDivided.swift in Sources */ = {isa = PBXBuildFile; fileRef = 054A283ADFEC2CD973083FB3 /* IntDivided.swift */; };
		5696042467EAC6A1605BE542 /* OOWritableInt.swift in Sources */ = {isa = PBXBuildFile; fileRef = 809D7DC12FF39769C8C9EF45 /* OOWritableInt.swift */; };
		59271DCFB59F14723073ED23 /* HasWritableFloatValue.swift in Sources */ = {isa = PBXBuildFile; fileRef = 707DB329E6BADD256EFDDD8F /* HasWritableFloatValue.swift */; };
		599509DB30A8336062EB4143 /* WritableBoolFromWritableKeyValueSpec.swift in Sources */ = {isa = PBXBuildFile; fileRef = 9F17E72F3431CC089FECEB2A /* WritableBoolFromWritableKeyValueSpec.swift */; };
		5F48991F22B89B5D3F7E3CA6 /* BoolIF.swift in Sources */ = {isa = PBXBuildFile; fileRef = 8153E011B97F9781330A81E5 /* BoolIF.swift */; };
		5FDC542C342DDA5F26D675C9 /* WritableFloatFromWritableKeyValue.swift in Sources */ = {isa = PBXBuildFile; fileRef = 6BF88CD334154DA0D89C11E5 /* WritableFloatFromWritableKeyValue.swift */; };
		60225BFA768BB9727262F9CA /* WritableKeyValuePrefixedKeys.swift in Sources */ = {isa = PBXBuildFile; fileRef = 6EC64F8C6F5C57BEF698C9F5 /* WritableKeyValuePrefixedKeys.swift */; };
		60A04BD4E7579071E7316950 /* OOWritableKeyValue.swift in Sources */ = {isa = PBXBuildFile; fileRef = 4E8EDC542BC1660E2C926991 /* OOWritableKeyValue.swift */; };
		633D8B9218D92D0A02B527C0 /* FloatFromString.swift in Sources */ = {isa = PBXBuildFile; fileRef = B4E68127ABC447432513285B /* FloatFromString.swift */; };
		634B9CD6B1B2AD82F590AB61 /* DoWritableKeyValueRemove.swift in Sources */ = {isa = PBXBuildFile; fileRef = E944750E5DE121B1956AA38E /* DoWritableKeyValueRemove.swift */; };
		641389A2B63DE9E5A06B234D /* WritableIntFromWritableKeyValue.swift in Sources */ = {isa = PBXBuildFile; fileRef = 16C3D077D61DAAB19BDAFB7A /* WritableIntFromWritableKeyValue.swift */; };
		65DFFF141B23D93A150701F2 /* BoolFromIntSpec.swift in Sources */ = {isa = PBXBuildFile; fileRef = C6033FDDEBFA7895D86A3AAE /* BoolFromIntSpec.swift */; };
		6689B2184B9F6EB98AD4E6A2 /* IsEqualBools.swift in Sources */ = {isa = PBXBuildFile; fileRef = 7BAF70C11879BA6C8F779FA4 /* IsEqualBools.swift */; };
		66D8944C1AD160539F703B42 /* FloatConst.swift in Sources */ = {isa = PBXBuildFile; fileRef = 05F386B726C22AF2D8268541 /* FloatConst.swift */; };
		67F4577D928EEEC4EC41B306 /* InformOnSetBool.swift in Sources */ = {isa = PBXBuildFile; fileRef = F0BCF91530CCC18E77E7ACF4 /* InformOnSetBool.swift */; };
		6A855AF8B373184C304B9755 /* DoGenericSnippet.swift in Sources */ = {isa = PBXBuildFile; fileRef = C653F4F2BB6D44CC4DB9B899 /* DoGenericSnippet.swift */; };
		6AB11FED6BC4E292588675B2 /* IsEqualStrings.swift in Sources */ = {isa = PBXBuildFile; fileRef = A84D3FBA3C7289019386189B /* IsEqualStrings.swift */; };
		6B102342AEA59DA312C578B8 /* WritableFloatFromWritableKeyValueSpec.swift in Sources */ = {isa = PBXBuildFile; fileRef = 48C128C731EF63B623E08103 /* WritableFloatFromWritableKeyValueSpec.swift */; };
		6B2E9FCE427664F2A7CF854F /* WritableStringMemory.swift in Sources */ = {isa = PBXBuildFile; fileRef = AE0D7912261C896CD15DEB48 /* WritableStringMemory.swift */; };
		6BDDA1C3E20050F99CBF83E9 /* StringCachedSpec.swift in Sources */ = {isa = PBXBuildFile; fileRef = 4A861A4C8FCD3C75A12F5F47 /* StringCachedSpec.swift */; };
		6E6D201030A225824AEE3862 /* HasWritableKeyValueValue.swift in Sources */ = {isa = PBXBuildFile; fileRef = 852FE4326D723508FA9ED467 /* HasWritableKeyValueValue.swift */; };
		719AF71FFF19BB27D24989BD /* StringFromFloatSpec.swift in Sources */ = {isa = PBXBuildFile; fileRef = F7ABAE1DDD82C7E9043EFEBC /* StringFromFloatSpec.swift */; };
		72BF11201D4180E14AA4F9B8 /* IntFromFloat.swift in Sources */ = {isa = PBXBuildFile; fileRef = FF61CA5F2B86624654E0F455 /* IntFromFloat.swift */; };
		7453AAA53C72053BED938F7C /* DoWritableBoolSetSpec.swift in Sources */ = {isa = PBXBuildFile; fileRef = 865B01BEBF8D0A84CEED5F6D /* DoWritableBoolSetSpec.swift */; };
		76A05DB4A15E8A23C29A8E98 /* DoStackSpec.swift in Sources */ = {isa = PBXBuildFile; fileRef = DFE4D9854680C1D40F585F13 /* DoStackSpec.swift */; };
		7790E320252B53B06B72535F /* BoolFromFloat.swift in Sources */ = {isa = PBXBuildFile; fileRef = 29D5D3D0AFBB994EDF1D6AE2 /* BoolFromFloat.swift */; };
		79D6E8969016E0D2514FE04D /* StringFromInt.swift in Sources */ = {isa = PBXBuildFile; fileRef = C7D0E6F87945A538A3E01F81 /* StringFromInt.swift */; };
		7BDD4A54259A7E2D91B16A6F /* DoWritableIntSet.swift in Sources */ = {isa = PBXBuildFile; fileRef = 1EB0E37A21DD91A02A10FA2E /* DoWritableIntSet.swift */; };
		7D8EF4E9BBD329D8A7106810 /* BoolConst.swift in Sources */ = {isa = PBXBuildFile; fileRef = BE1C8EB7F47D6F7F43876E67 /* BoolConst.swift */; };
		7EA0EFFE6EA941BD05B9036D /* StringFromIntSpec.swift in Sources */ = {isa = PBXBuildFile; fileRef = F81A702ADA6A353020B0EECA /* StringFromIntSpec.swift */; };
		81A3FABD1908E0D1006F5AD2 /* FALSE.swift in Sources */ = {isa = PBXBuildFile; fileRef = A520890E184F0A0AA6FD3132 /* FALSE.swift */; };
		8452C2DE43BBD52A4BD06BA3 /* WritableIntMemorySpec.swift in Sources */ = {isa = PBXBuildFile; fileRef = B468E52B1BAD10264F70532F /* WritableIntMemorySpec.swift */; };
		85262846ECC1B8F771278E6C /* InformSplittingSpec.swift in Sources */ = {isa = PBXBuildFile; fileRef = A387D03F4B3CCD3930C8C67C /* InformSplittingSpec.swift */; };
		86F84BF69B564EDD523E4416 /* InformOnSetInt.swift in Sources */ = {isa = PBXBuildFile; fileRef = 456726931CAA3729C989B617 /* InformOnSetInt.swift */; };
		8710D0601A0A841EDFE493C2 /* WritableKeyValueMemorySpec.swift in Sources */ = {isa = PBXBuildFile; fileRef = 86EDF805B9B72FA68D90918F /* WritableKeyValueMemorySpec.swift */; };
		893448F42B6668B1F2115235 /* IntFromStringSpec.swift in Sources */ = {isa = PBXBuildFile; fileRef = 1F3B209E1E11897D5D9C60A8 /* IntFromStringSpec.swift */; };
		89823367CA69F19775874470 /* HasWritableIntValue.swift in Sources */ = {isa = PBXBuildFile; fileRef = 9D6F3644A9029482097E0628 /* HasWritableIntValue.swift */; };
		89CD6E82A6973FC7761516A4 /* StringFromBool.swift in Sources */ = {isa = PBXBuildFile; fileRef = 6E013F9F6470F8340FB20FF8 /* StringFromBool.swift */; };
		8AA643829AC3D216B60591E0 /* WritableIntFromWritableKeyValueSpec.swift in Sources */ = {isa = PBXBuildFile; fileRef = F9CCF5F60EB3E3A36FA4B7CE /* WritableIntFromWritableKeyValueSpec.swift */; };
		8AB1DB27E262DF009B746304 /* DoWritableStringRemove.swift in Sources */ = {isa = PBXBuildFile; fileRef = 10DB9325EC0BFD07C562B2F7 /* DoWritableStringRemove.swift */; };
		8C2B1CA25AE5D20839D8F531 /* BoolFromInt.swift in Sources */ = {isa = PBXBuildFile; fileRef = EF35A557C7052B1A4E3E625C /* BoolFromInt.swift */; };
		8CD905BDFBE6A43688897A1E /* DoWritableStringSet.swift in Sources */ = {isa = PBXBuildFile; fileRef = 2EEF31351D5B184729EC1C7F /* DoWritableStringSet.swift */; };
		8DD4EFEA6B8D1D31848B863F /* DoWritableFloatSetSpec.swift in Sources */ = {isa = PBXBuildFile; fileRef = 891ABF5AF2576756C77FBF52 /* DoWritableFloatSetSpec.swift */; };
		8FE716823E905FDFBCADE34D /* TRUE.swift in Sources */ = {isa = PBXBuildFile; fileRef = A8D408DADFDD48007D684D2A /* TRUE.swift */; };
		922D116F10ACD9CCE011EB9F /* IntFromString.swift in Sources */ = {isa = PBXBuildFile; fileRef = 9A8FB8FBDE8E48CC441CBC46 /* IntFromString.swift */; };
		933757E50FEF24C89EC47168 /* OOWritableString.swift in Sources */ = {isa = PBXBuildFile; fileRef = CCEBF9C4C29E455D4C4684A0 /* OOWritableString.swift */; };
		946F3FC4BFDEED5A94DEA715 /* DoNothing.swift in Sources */ = {isa = PBXBuildFile; fileRef = A3C54388001C7A1D164D9015 /* DoNothing.swift */; };
		977DAFD852DFBDE962EB2490 /* HasWritableKeyValueValueSpec.swift in Sources */ = {isa = PBXBuildFile; fileRef = 3ECA7067FE64C9ED38323CD6 /* HasWritableKeyValueValueSpec.swift */; };
		97820DD9EF22843F0F065257 /* OOAny.swift in Sources */ = {isa = PBXBuildFile; fileRef = 7A39B5504797BC8D44CFB9F8 /* OOAny.swift */; };
		9799C7C5FAE8633C35A23989 /* HasWritableStringValue.swift in Sources */ = {isa = PBXBuildFile; fileRef = B667DAA3F2209C5775634993 /* HasWritableStringValue.swift */; };
		982E9E16D3C7DB99820EF781 /* StringFromFloat.swift in Sources */ = {isa = PBXBuildFile; fileRef = 2677EBC11DE7E4FB0E211E9C /* StringFromFloat.swift */; };
		9875EC3AFE73197A4D16E27E /* FloatSummarized.swift in Sources */ = {isa = PBXBuildFile; fileRef = E3CB4D4BA785850AA76C2E6F /* FloatSummarized.swift */; };
		9A5AB5DB0EDCCA8A8FED5474 /* HasWritableIntValueSpec.swift in Sources */ = {isa = PBXBuildFile; fileRef = 285F75A05ECF66260DB060D1 /* HasWritableIntValueSpec.swift */; };
		9A9DB824A51C46498D36AE85 /* FloatSubtracted.swift in Sources */ = {isa = PBXBuildFile; fileRef = 30DE5CB25910D7CE4B5322CF /* FloatSubtracted.swift */; };
		9B582CEC9E782375FC986D1A /* InformOnSetFloat.swift in Sources */ = {isa = PBXBuildFile; fileRef = FDC17ADCBA6625F50384B92E /* InformOnSetFloat.swift */; };
		9CB14750F7814AFC6E4087D9 /* WritableFloatMemorySpec.swift in Sources */ = {isa = PBXBuildFile; fileRef = 84C659AAC8C67DDC5B87EDFD /* WritableFloatMemorySpec.swift */; };
		9CB1CC00391CFB7910ECFD71 /* DoWritableStringRemoveSpec.swift in Sources */ = {isa = PBXBuildFile; fileRef = C8A6CED5657A04D2008ECDBA /* DoWritableStringRemoveSpec.swift */; };
		9E3EAEB9783F33F28001A2C3 /* BoolIFSpec.swift in Sources */ = {isa = PBXBuildFile; fileRef = C13139A01B6F6CCD9CF1AC9F /* BoolIFSpec.swift */; };
		9F1B507317EA3576DA0D2E8B /* BoolFromString.swift in Sources */ = {isa = PBXBuildFile; fileRef = F72343065F71B7D4F5AE8999 /* BoolFromString.swift */; };
		A21259AF3CDBD73000E15ED8 /* DoIFSpec.swift in Sources */ = {isa = PBXBuildFile; fileRef = CC41AF3F385DA3F5343E3B10 /* DoIFSpec.swift */; };
		A6EE0F763204CC1E6CE89965 /* IntSummarized.swift in Sources */ = {isa = PBXBuildFile; fileRef = 78DB7BC72D8F13A1126BA779 /* IntSummarized.swift */; };
		A861F3A783077EF73A37BA16 /* StringCached.swift in Sources */ = {isa = PBXBuildFile; fileRef = 9999A25F9DEA68F40C7B97BC /* StringCached.swift */; };
		AC063EA5DEA3B9E375A72408 /* WritableStringFromWritableKeyValue.swift in Sources */ = {isa = PBXBuildFile; fileRef = 7A0D7755969CDAE8DEA9DBEA /* WritableStringFromWritableKeyValue.swift */; };
		AC2C1F7C5ADDC5A5A62744B3 /* InformOnSetString.swift in Sources */ = {isa = PBXBuildFile; fileRef = 940590A0CDFA69AC737BA626 /* InformOnSetString.swift */; };
		AE6DBFDFC2FC8290ECDF1351 /* WritableBoolMemory.swift in Sources */ = {isa = PBXBuildFile; fileRef = 633A0762DACF98300A6D1C68 /* WritableBoolMemory.swift */; };
		AE87DDBFBF9A81795315E76C /* FloatFromBool.swift in Sources */ = {isa = PBXBuildFile; fileRef = ECC96ADDD05363FCC74E7B09 /* FloatFromBool.swift */; };
		AF3DD36CC7BB488658D6C6A7 /* DoWritableIntRemoveSpec.swift in Sources */ = {isa = PBXBuildFile; fileRef = 241D926052B11243E97221FF /* DoWritableIntRemoveSpec.swift */; };
		B6D845DD430C1298981E1E3D /* StringIF.swift in Sources */ = {isa = PBXBuildFile; fileRef = 7CD246E1B0AA58A557B0D4E8 /* StringIF.swift */; };
		B9C40F6A74C0874539CAEE39 /* DoWritableKeyValueRemoveSpec.swift in Sources */ = {isa = PBXBuildFile; fileRef = 0B6A004C80A9A82B7676F3A2 /* DoWritableKeyValueRemoveSpec.swift */; };
		BB767C58CED9E4BB4D8F499A /* OOWritableBool.swift in Sources */ = {isa = PBXBuildFile; fileRef = ABBD96C461728A93781676AF /* OOWritableBool.swift */; };
		BBE2C31119EE913447FF7CF5 /* OOBase.framework in Frameworks */ = {isa = PBXBuildFile; fileRef = 86A05156704D361B3B1E3560 /* OOBase.framework */; };
		BC0990B4519B1D3F69FA574B /* OOString.swift in Sources */ = {isa = PBXBuildFile; fileRef = 88D64BF997852C5FE2B5E011 /* OOString.swift */; };
		BF704E7FE3ED3331674E598F /* FloatFromBoolSpec.swift in Sources */ = {isa = PBXBuildFile; fileRef = 6352786976A6BCAB49923DD6 /* FloatFromBoolSpec.swift */; };
		C1B8A45291032837E5CCBDA0 /* DoWritableIntSetSpec.swift in Sources */ = {isa = PBXBuildFile; fileRef = CF9242201DA36C513F1D6E6A /* DoWritableIntSetSpec.swift */; };
		C9B1444CC64549CEC5552050 /* FloatCached.swift in Sources */ = {isa = PBXBuildFile; fileRef = 5236A76A076153BD8A9459AC /* FloatCached.swift */; };
		CF2F0C3783EA11C19408AB08 /* StringFromKeyValue.swift in Sources */ = {isa = PBXBuildFile; fileRef = FCBAFE6BD43D25399AEED36C /* StringFromKeyValue.swift */; };
		CF7DCE7A5A22DB16A9CAF83C /* IntFromFloatSpec.swift in Sources */ = {isa = PBXBuildFile; fileRef = A90A4BD007907D02A9971DE7 /* IntFromFloatSpec.swift */; };
		CFAF9AEB3D84619BFD48F3BC /* DoWritableFloatRemoveSpec.swift in Sources */ = {isa = PBXBuildFile; fileRef = 63037BD0450C4F99DC8E028B /* DoWritableFloatRemoveSpec.swift */; };
		D29828E7C4B26EE725663B62 /* BoolCached.swift in Sources */ = {isa = PBXBuildFile; fileRef = F7B616C207B07057B9877316 /* BoolCached.swift */; };
		D3C0F1A107B600EB7D0CBDA7 /* InformSplitting.swift in Sources */ = {isa = PBXBuildFile; fileRef = B9B3F181B51EF02BB0034CE9 /* InformSplitting.swift */; };
		D433922D20AAC94D1A079105 /* OOFloat.swift in Sources */ = {isa = PBXBuildFile; fileRef = 8DD706B542A92CCBFC646FE2 /* OOFloat.swift */; };
		D46483DB06E9448D00BFA152 /* IntConst.swift in Sources */ = {isa = PBXBuildFile; fileRef = BF3FBAE8A51A56854B682DD4 /* IntConst.swift */; };
		D60FCEC5E11CB304201DE3DE /* IntCachedSpec.swift in Sources */ = {isa = PBXBuildFile; fileRef = 7CA6682E78A186146085D807 /* IntCachedSpec.swift */; };
		D727B39704315EB4F12547C0 /* OOEventInform.swift in Sources */ = {isa = PBXBuildFile; fileRef = 974CC047BAE4D6B42387360E /* OOEventInform.swift */; };
		D8B8A200FBE5589335D47193 /* BoolCachedSpec.swift in Sources */ = {isa = PBXBuildFile; fileRef = 102E4F6E7E100B417905E499 /* BoolCachedSpec.swift */; };
		DB08B8AEFEDC10540BF3A9D9 /* WritableIntMemory.swift in Sources */ = {isa = PBXBuildFile; fileRef = F9AF3DF339AB18994F9C5BF6 /* WritableIntMemory.swift */; };
		DBCF92D9812B89C24E01B6FE /* DoWritableBoolSet.swift in Sources */ = {isa = PBXBuildFile; fileRef = 96F5D9E1B4F213C34F2B3A93 /* DoWritableBoolSet.swift */; };
		DD07E824FF00ABE735E0CAB2 /* WritableKeyValueMemory.swift in Sources */ = {isa = PBXBuildFile; fileRef = 0D997E3C0C09E1676B4DA838 /* WritableKeyValueMemory.swift */; };
		E3EE355DA27BF34D17A1FB15 /* StringFromBoolSpec.swift in Sources */ = {isa = PBXBuildFile; fileRef = BBE23614DDF55104AADFCC3E /* StringFromBoolSpec.swift */; };
		E780C0CD37CB52F7A7B6B4BE /* And.swift in Sources */ = {isa = PBXBuildFile; fileRef = 883C245E216BFCA3184353AE /* And.swift */; };
		E931536A91927A8752F88374 /* StringIFSpec.swift in Sources */ = {isa = PBXBuildFile; fileRef = B179C2399EC0BF703C732647 /* StringIFSpec.swift */; };
		EA907F6BE1D0AC8799FA660F /* IntIF.swift in Sources */ = {isa = PBXBuildFile; fileRef = 2F0060771EB16810EB0B75CD /* IntIF.swift */; };
		EA9A7BA9FE319A9C313A692B /* BoolFromKeyValue.swift in Sources */ = {isa = PBXBuildFile; fileRef = 526E3233B631B4EDB35C468A /* BoolFromKeyValue.swift */; };
		ECF2C0F25135A2443F3BBA9B /* DoWritableKeyValueSet.swift in Sources */ = {isa = PBXBuildFile; fileRef = D2EA6827A81FA4AF2640D430 /* DoWritableKeyValueSet.swift */; };
		F159E1C75B193DC716F76F66 /* DoWritableFloatRemove.swift in Sources */ = {isa = PBXBuildFile; fileRef = FBCEF0C891E8B90CD424979E /* DoWritableFloatRemove.swift */; };
		F493254DFB232EFB658D3A3D /* FloatFromInt.swift in Sources */ = {isa = PBXBuildFile; fileRef = EA2FE6A93888F503A0CCE703 /* FloatFromInt.swift */; };
		F717B366C7B86994E340A8D0 /* FloatFromIntSpec.swift in Sources */ = {isa = PBXBuildFile; fileRef = 60ECB343B45FF75FB4A5BD4B /* FloatFromIntSpec.swift */; };
		F8E8E49DACA78EFA18237D57 /* DoIF.swift in Sources */ = {isa = PBXBuildFile; fileRef = 4F294E9C31337953394A29A8 /* DoIF.swift */; };
		FDB960CAECA3F6D2FAF28A00 /* OOExecutable.swift in Sources */ = {isa = PBXBuildFile; fileRef = C561F7E2B1A5BE10EF49B88F /* OOExecutable.swift */; };
/* End PBXBuildFile section */

/* Begin PBXContainerItemProxy section */
		3A6FCF8FEB743A4BA0BAFD6F /* PBXContainerItemProxy */ = {
			isa = PBXContainerItemProxy;
			containerPortal = 1E23B997759400B39DE04DDE /* Project object */;
			proxyType = 1;
			remoteGlobalIDString = C24AC14BB4D32371C1452B9F;
			remoteInfo = OOBase;
		};
/* End PBXContainerItemProxy section */

/* Begin PBXCopyFilesBuildPhase section */
		FDA29992E0EC2BA550B24DF0 /* Embed Frameworks */ = {
			isa = PBXCopyFilesBuildPhase;
			buildActionMask = 2147483647;
			dstPath = "";
			dstSubfolderSpec = 10;
			files = (
			);
			name = "Embed Frameworks";
			runOnlyForDeploymentPostprocessing = 0;
		};
/* End PBXCopyFilesBuildPhase section */

/* Begin PBXFileReference section */
		0336966817E9AB5BB4ACFF88 /* FloatIFSpec.swift */ = {isa = PBXFileReference; includeInIndex = 1; lastKnownFileType = sourcecode.swift; path = FloatIFSpec.swift; sourceTree = "<group>"; };
		054A283ADFEC2CD973083FB3 /* IntDivided.swift */ = {isa = PBXFileReference; includeInIndex = 1; lastKnownFileType = sourcecode.swift; path = IntDivided.swift; sourceTree = "<group>"; };
		05F386B726C22AF2D8268541 /* FloatConst.swift */ = {isa = PBXFileReference; includeInIndex = 1; lastKnownFileType = sourcecode.swift; path = FloatConst.swift; sourceTree = "<group>"; };
		07C1596035650F669E62130C /* Info.plist */ = {isa = PBXFileReference; includeInIndex = 1; lastKnownFileType = text.plist.xml; path = Info.plist; sourceTree = "<group>"; };
		0B6A004C80A9A82B7676F3A2 /* DoWritableKeyValueRemoveSpec.swift */ = {isa = PBXFileReference; includeInIndex = 1; lastKnownFileType = sourcecode.swift; path = DoWritableKeyValueRemoveSpec.swift; sourceTree = "<group>"; };
		0D997E3C0C09E1676B4DA838 /* WritableKeyValueMemory.swift */ = {isa = PBXFileReference; includeInIndex = 1; lastKnownFileType = sourcecode.swift; path = WritableKeyValueMemory.swift; sourceTree = "<group>"; };
		101A9F872D89BAFFC7B7E41A /* FloatCachedSpec.swift */ = {isa = PBXFileReference; includeInIndex = 1; lastKnownFileType = sourcecode.swift; path = FloatCachedSpec.swift; sourceTree = "<group>"; };
		102E4F6E7E100B417905E499 /* BoolCachedSpec.swift */ = {isa = PBXFileReference; includeInIndex = 1; lastKnownFileType = sourcecode.swift; path = BoolCachedSpec.swift; sourceTree = "<group>"; };
		10DB9325EC0BFD07C562B2F7 /* DoWritableStringRemove.swift */ = {isa = PBXFileReference; includeInIndex = 1; lastKnownFileType = sourcecode.swift; path = DoWritableStringRemove.swift; sourceTree = "<group>"; };
		1384C5E19739C3CA1111A3D9 /* .gitignore */ = {isa = PBXFileReference; includeInIndex = 1; lastKnownFileType = text; path = .gitignore; sourceTree = "<group>"; };
		16C3D077D61DAAB19BDAFB7A /* WritableIntFromWritableKeyValue.swift */ = {isa = PBXFileReference; includeInIndex = 1; lastKnownFileType = sourcecode.swift; path = WritableIntFromWritableKeyValue.swift; sourceTree = "<group>"; };
		17CB323A085AF0B0DBE55433 /* DoWritableBoolRemoveSpec.swift */ = {isa = PBXFileReference; includeInIndex = 1; lastKnownFileType = sourcecode.swift; path = DoWritableBoolRemoveSpec.swift; sourceTree = "<group>"; };
		18439E1F28E163E69A22AD3B /* IsEqualInts.swift */ = {isa = PBXFileReference; includeInIndex = 1; lastKnownFileType = sourcecode.swift; path = IsEqualInts.swift; sourceTree = "<group>"; };
		1AC9D06045E33622D1387797 /* WritableBoolMemorySpec.swift */ = {isa = PBXFileReference; includeInIndex = 1; lastKnownFileType = sourcecode.swift; path = WritableBoolMemorySpec.swift; sourceTree = "<group>"; };
		1EB0E37A21DD91A02A10FA2E /* DoWritableIntSet.swift */ = {isa = PBXFileReference; includeInIndex = 1; lastKnownFileType = sourcecode.swift; path = DoWritableIntSet.swift; sourceTree = "<group>"; };
		1F3B209E1E11897D5D9C60A8 /* IntFromStringSpec.swift */ = {isa = PBXFileReference; includeInIndex = 1; lastKnownFileType = sourcecode.swift; path = IntFromStringSpec.swift; sourceTree = "<group>"; };
		230A094286C2B190C4CA4B16 /* DoWritableKeyValueSetSpec.swift */ = {isa = PBXFileReference; includeInIndex = 1; lastKnownFileType = sourcecode.swift; path = DoWritableKeyValueSetSpec.swift; sourceTree = "<group>"; };
		241D926052B11243E97221FF /* DoWritableIntRemoveSpec.swift */ = {isa = PBXFileReference; includeInIndex = 1; lastKnownFileType = sourcecode.swift; path = DoWritableIntRemoveSpec.swift; sourceTree = "<group>"; };
		25AAA3DB70AF7ACFD4E2CC30 /* IntFromKeyValue.swift */ = {isa = PBXFileReference; includeInIndex = 1; lastKnownFileType = sourcecode.swift; path = IntFromKeyValue.swift; sourceTree = "<group>"; };
		25C6AECD749E7C107A9F1C0B /* InformNothing.swift */ = {isa = PBXFileReference; includeInIndex = 1; lastKnownFileType = sourcecode.swift; path = InformNothing.swift; sourceTree = "<group>"; };
		25FA58F3CF1614575225D2F2 /* FloatMultiplicated.swift */ = {isa = PBXFileReference; includeInIndex = 1; lastKnownFileType = sourcecode.swift; path = FloatMultiplicated.swift; sourceTree = "<group>"; };
		2677EBC11DE7E4FB0E211E9C /* StringFromFloat.swift */ = {isa = PBXFileReference; includeInIndex = 1; lastKnownFileType = sourcecode.swift; path = StringFromFloat.swift; sourceTree = "<group>"; };
		285F75A05ECF66260DB060D1 /* HasWritableIntValueSpec.swift */ = {isa = PBXFileReference; includeInIndex = 1; lastKnownFileType = sourcecode.swift; path = HasWritableIntValueSpec.swift; sourceTree = "<group>"; };
		2993DC8D572FB8D1E8050318 /* Release.xcconfig */ = {isa = PBXFileReference; includeInIndex = 1; lastKnownFileType = text.xcconfig; path = Release.xcconfig; sourceTree = "<group>"; };
		29D5D3D0AFBB994EDF1D6AE2 /* BoolFromFloat.swift */ = {isa = PBXFileReference; includeInIndex = 1; lastKnownFileType = sourcecode.swift; path = BoolFromFloat.swift; sourceTree = "<group>"; };
		2EEF31351D5B184729EC1C7F /* DoWritableStringSet.swift */ = {isa = PBXFileReference; includeInIndex = 1; lastKnownFileType = sourcecode.swift; path = DoWritableStringSet.swift; sourceTree = "<group>"; };
		2F0060771EB16810EB0B75CD /* IntIF.swift */ = {isa = PBXFileReference; includeInIndex = 1; lastKnownFileType = sourcecode.swift; path = IntIF.swift; sourceTree = "<group>"; };
		2F15A974C6C8376519FD6DE4 /* DoWritableFloatSet.swift */ = {isa = PBXFileReference; includeInIndex = 1; lastKnownFileType = sourcecode.swift; path = DoWritableFloatSet.swift; sourceTree = "<group>"; };
		30DE5CB25910D7CE4B5322CF /* FloatSubtracted.swift */ = {isa = PBXFileReference; includeInIndex = 1; lastKnownFileType = sourcecode.swift; path = FloatSubtracted.swift; sourceTree = "<group>"; };
		3192188DF141146398769999 /* DoWritableStringSetSpec.swift */ = {isa = PBXFileReference; includeInIndex = 1; lastKnownFileType = sourcecode.swift; path = DoWritableStringSetSpec.swift; sourceTree = "<group>"; };
		326663A9709269EE275BB10C /* WritableKeyValuePrefixedKeysSpec.swift */ = {isa = PBXFileReference; includeInIndex = 1; lastKnownFileType = sourcecode.swift; path = WritableKeyValuePrefixedKeysSpec.swift; sourceTree = "<group>"; };
		346DBEB6B584CDB1CEE17EE4 /* DoWritableIntRemove.swift */ = {isa = PBXFileReference; includeInIndex = 1; lastKnownFileType = sourcecode.swift; path = DoWritableIntRemove.swift; sourceTree = "<group>"; };
		3959A829ACAE019134242AB5 /* Not.swift */ = {isa = PBXFileReference; includeInIndex = 1; lastKnownFileType = sourcecode.swift; path = Not.swift; sourceTree = "<group>"; };
		3B011B7C5EABE2F62A10D24D /* README.md */ = {isa = PBXFileReference; includeInIndex = 1; lastKnownFileType = net.daringfireball.markdown; path = README.md; sourceTree = "<group>"; };
		3EC1F08D42FBC150C4C6EBEC /* Info.plist */ = {isa = PBXFileReference; includeInIndex = 1; lastKnownFileType = text.plist.xml; path = Info.plist; sourceTree = "<group>"; };
		3ECA7067FE64C9ED38323CD6 /* HasWritableKeyValueValueSpec.swift */ = {isa = PBXFileReference; includeInIndex = 1; lastKnownFileType = sourcecode.swift; path = HasWritableKeyValueValueSpec.swift; sourceTree = "<group>"; };
		3ED1EF40F2480D3DF3ACBA5B /* DoStack.swift */ = {isa = PBXFileReference; includeInIndex = 1; lastKnownFileType = sourcecode.swift; path = DoStack.swift; sourceTree = "<group>"; };
		3FB4CBA4976D4AAA1A480F29 /* WritableStringFromWritableKeyValueSpec.swift */ = {isa = PBXFileReference; includeInIndex = 1; lastKnownFileType = sourcecode.swift; path = WritableStringFromWritableKeyValueSpec.swift; sourceTree = "<group>"; };
		3FC62DCC042903FF2F1D797E /* LICENSE */ = {isa = PBXFileReference; includeInIndex = 1; lastKnownFileType = text; path = LICENSE; sourceTree = "<group>"; };
		421D4134D1C154B4C5B05887 /* OOBool.swift */ = {isa = PBXFileReference; includeInIndex = 1; lastKnownFileType = sourcecode.swift; path = OOBool.swift; sourceTree = "<group>"; };
		456726931CAA3729C989B617 /* InformOnSetInt.swift */ = {isa = PBXFileReference; includeInIndex = 1; lastKnownFileType = sourcecode.swift; path = InformOnSetInt.swift; sourceTree = "<group>"; };
		48C128C731EF63B623E08103 /* WritableFloatFromWritableKeyValueSpec.swift */ = {isa = PBXFileReference; includeInIndex = 1; lastKnownFileType = sourcecode.swift; path = WritableFloatFromWritableKeyValueSpec.swift; sourceTree = "<group>"; };
		4944A7887338D57DFF1E9E88 /* WritableBoolFromWritableKeyValue.swift */ = {isa = PBXFileReference; includeInIndex = 1; lastKnownFileType = sourcecode.swift; path = WritableBoolFromWritableKeyValue.swift; sourceTree = "<group>"; };
		4A861A4C8FCD3C75A12F5F47 /* StringCachedSpec.swift */ = {isa = PBXFileReference; includeInIndex = 1; lastKnownFileType = sourcecode.swift; path = StringCachedSpec.swift; sourceTree = "<group>"; };
		4C3498149369DD3538287BA3 /* IsEqualFloats.swift */ = {isa = PBXFileReference; includeInIndex = 1; lastKnownFileType = sourcecode.swift; path = IsEqualFloats.swift; sourceTree = "<group>"; };
		4E8EDC542BC1660E2C926991 /* OOWritableKeyValue.swift */ = {isa = PBXFileReference; includeInIndex = 1; lastKnownFileType = sourcecode.swift; path = OOWritableKeyValue.swift; sourceTree = "<group>"; };
		4F294E9C31337953394A29A8 /* DoIF.swift */ = {isa = PBXFileReference; includeInIndex = 1; lastKnownFileType = sourcecode.swift; path = DoIF.swift; sourceTree = "<group>"; };
		4FA0A8289483854A220B6EB4 /* OOWritableFloat.swift */ = {isa = PBXFileReference; includeInIndex = 1; lastKnownFileType = sourcecode.swift; path = OOWritableFloat.swift; sourceTree = "<group>"; };
		5236A76A076153BD8A9459AC /* FloatCached.swift */ = {isa = PBXFileReference; includeInIndex = 1; lastKnownFileType = sourcecode.swift; path = FloatCached.swift; sourceTree = "<group>"; };
		526E3233B631B4EDB35C468A /* BoolFromKeyValue.swift */ = {isa = PBXFileReference; includeInIndex = 1; lastKnownFileType = sourcecode.swift; path = BoolFromKeyValue.swift; sourceTree = "<group>"; };
		55B2FA9338AE7CD7812D855D /* FloatFromKeyValue.swift */ = {isa = PBXFileReference; includeInIndex = 1; lastKnownFileType = sourcecode.swift; path = FloatFromKeyValue.swift; sourceTree = "<group>"; };
		570EE8715799D811C5F8A967 /* HasWritableBoolValueSpec.swift */ = {isa = PBXFileReference; includeInIndex = 1; lastKnownFileType = sourcecode.swift; path = HasWritableBoolValueSpec.swift; sourceTree = "<group>"; };
		5C12196D11473B3B68FA9F15 /* StringSummarized.swift */ = {isa = PBXFileReference; includeInIndex = 1; lastKnownFileType = sourcecode.swift; path = StringSummarized.swift; sourceTree = "<group>"; };
		60ECB343B45FF75FB4A5BD4B /* FloatFromIntSpec.swift */ = {isa = PBXFileReference; includeInIndex = 1; lastKnownFileType = sourcecode.swift; path = FloatFromIntSpec.swift; sourceTree = "<group>"; };
		6282B7C08061ED4E2B10730D /* OOInt.swift */ = {isa = PBXFileReference; includeInIndex = 1; lastKnownFileType = sourcecode.swift; path = OOInt.swift; sourceTree = "<group>"; };
		63037BD0450C4F99DC8E028B /* DoWritableFloatRemoveSpec.swift */ = {isa = PBXFileReference; includeInIndex = 1; lastKnownFileType = sourcecode.swift; path = DoWritableFloatRemoveSpec.swift; sourceTree = "<group>"; };
		633A0762DACF98300A6D1C68 /* WritableBoolMemory.swift */ = {isa = PBXFileReference; includeInIndex = 1; lastKnownFileType = sourcecode.swift; path = WritableBoolMemory.swift; sourceTree = "<group>"; };
		6352786976A6BCAB49923DD6 /* FloatFromBoolSpec.swift */ = {isa = PBXFileReference; includeInIndex = 1; lastKnownFileType = sourcecode.swift; path = FloatFromBoolSpec.swift; sourceTree = "<group>"; };
		694775B4904E1E7319FACEBF /* WritableFloatMemory.swift */ = {isa = PBXFileReference; includeInIndex = 1; lastKnownFileType = sourcecode.swift; path = WritableFloatMemory.swift; sourceTree = "<group>"; };
		6BF88CD334154DA0D89C11E5 /* WritableFloatFromWritableKeyValue.swift */ = {isa = PBXFileReference; includeInIndex = 1; lastKnownFileType = sourcecode.swift; path = WritableFloatFromWritableKeyValue.swift; sourceTree = "<group>"; };
		6E013F9F6470F8340FB20FF8 /* StringFromBool.swift */ = {isa = PBXFileReference; includeInIndex = 1; lastKnownFileType = sourcecode.swift; path = StringFromBool.swift; sourceTree = "<group>"; };
		6EC64F8C6F5C57BEF698C9F5 /* WritableKeyValuePrefixedKeys.swift */ = {isa = PBXFileReference; includeInIndex = 1; lastKnownFileType = sourcecode.swift; path = WritableKeyValuePrefixedKeys.swift; sourceTree = "<group>"; };
		707DB329E6BADD256EFDDD8F /* HasWritableFloatValue.swift */ = {isa = PBXFileReference; includeInIndex = 1; lastKnownFileType = sourcecode.swift; path = HasWritableFloatValue.swift; sourceTree = "<group>"; };
		78409007186BB0E16E9076E8 /* Debug.xcconfig */ = {isa = PBXFileReference; includeInIndex = 1; lastKnownFileType = text.xcconfig; path = Debug.xcconfig; sourceTree = "<group>"; };
		78DB7BC72D8F13A1126BA779 /* IntSummarized.swift */ = {isa = PBXFileReference; includeInIndex = 1; lastKnownFileType = sourcecode.swift; path = IntSummarized.swift; sourceTree = "<group>"; };
		7A0D7755969CDAE8DEA9DBEA /* WritableStringFromWritableKeyValue.swift */ = {isa = PBXFileReference; includeInIndex = 1; lastKnownFileType = sourcecode.swift; path = WritableStringFromWritableKeyValue.swift; sourceTree = "<group>"; };
		7A39B5504797BC8D44CFB9F8 /* OOAny.swift */ = {isa = PBXFileReference; includeInIndex = 1; lastKnownFileType = sourcecode.swift; path = OOAny.swift; sourceTree = "<group>"; };
		7BA3A6DF25E2D159769B7FF6 /* FloatFromStringSpec.swift */ = {isa = PBXFileReference; includeInIndex = 1; lastKnownFileType = sourcecode.swift; path = FloatFromStringSpec.swift; sourceTree = "<group>"; };
		7BAF70C11879BA6C8F779FA4 /* IsEqualBools.swift */ = {isa = PBXFileReference; includeInIndex = 1; lastKnownFileType = sourcecode.swift; path = IsEqualBools.swift; sourceTree = "<group>"; };
		7CA6682E78A186146085D807 /* IntCachedSpec.swift */ = {isa = PBXFileReference; includeInIndex = 1; lastKnownFileType = sourcecode.swift; path = IntCachedSpec.swift; sourceTree = "<group>"; };
		7CD246E1B0AA58A557B0D4E8 /* StringIF.swift */ = {isa = PBXFileReference; includeInIndex = 1; lastKnownFileType = sourcecode.swift; path = StringIF.swift; sourceTree = "<group>"; };
		809D7DC12FF39769C8C9EF45 /* OOWritableInt.swift */ = {isa = PBXFileReference; includeInIndex = 1; lastKnownFileType = sourcecode.swift; path = OOWritableInt.swift; sourceTree = "<group>"; };
		8153E011B97F9781330A81E5 /* BoolIF.swift */ = {isa = PBXFileReference; includeInIndex = 1; lastKnownFileType = sourcecode.swift; path = BoolIF.swift; sourceTree = "<group>"; };
		828450B5B9A6C91CF7828B54 /* DoWritableBoolRemove.swift */ = {isa = PBXFileReference; includeInIndex = 1; lastKnownFileType = sourcecode.swift; path = DoWritableBoolRemove.swift; sourceTree = "<group>"; };
		84C659AAC8C67DDC5B87EDFD /* WritableFloatMemorySpec.swift */ = {isa = PBXFileReference; includeInIndex = 1; lastKnownFileType = sourcecode.swift; path = WritableFloatMemorySpec.swift; sourceTree = "<group>"; };
		852FE4326D723508FA9ED467 /* HasWritableKeyValueValue.swift */ = {isa = PBXFileReference; includeInIndex = 1; lastKnownFileType = sourcecode.swift; path = HasWritableKeyValueValue.swift; sourceTree = "<group>"; };
		865B01BEBF8D0A84CEED5F6D /* DoWritableBoolSetSpec.swift */ = {isa = PBXFileReference; includeInIndex = 1; lastKnownFileType = sourcecode.swift; path = DoWritableBoolSetSpec.swift; sourceTree = "<group>"; };
		86A05156704D361B3B1E3560 /* OOBase.framework */ = {isa = PBXFileReference; explicitFileType = wrapper.framework; includeInIndex = 0; path = OOBase.framework; sourceTree = BUILT_PRODUCTS_DIR; };
		86EDF805B9B72FA68D90918F /* WritableKeyValueMemorySpec.swift */ = {isa = PBXFileReference; includeInIndex = 1; lastKnownFileType = sourcecode.swift; path = WritableKeyValueMemorySpec.swift; sourceTree = "<group>"; };
		883C245E216BFCA3184353AE /* And.swift */ = {isa = PBXFileReference; includeInIndex = 1; lastKnownFileType = sourcecode.swift; path = And.swift; sourceTree = "<group>"; };
		88D64BF997852C5FE2B5E011 /* OOString.swift */ = {isa = PBXFileReference; includeInIndex = 1; lastKnownFileType = sourcecode.swift; path = OOString.swift; sourceTree = "<group>"; };
		891ABF5AF2576756C77FBF52 /* DoWritableFloatSetSpec.swift */ = {isa = PBXFileReference; includeInIndex = 1; lastKnownFileType = sourcecode.swift; path = DoWritableFloatSetSpec.swift; sourceTree = "<group>"; };
		8DBF17E46B4139F3099398A8 /* IntIFSpec.swift */ = {isa = PBXFileReference; includeInIndex = 1; lastKnownFileType = sourcecode.swift; path = IntIFSpec.swift; sourceTree = "<group>"; };
		8DD706B542A92CCBFC646FE2 /* OOFloat.swift */ = {isa = PBXFileReference; includeInIndex = 1; lastKnownFileType = sourcecode.swift; path = OOFloat.swift; sourceTree = "<group>"; };
		910AE6175B4D9C738612A191 /* IntFromBool.swift */ = {isa = PBXFileReference; includeInIndex = 1; lastKnownFileType = sourcecode.swift; path = IntFromBool.swift; sourceTree = "<group>"; };
		940590A0CDFA69AC737BA626 /* InformOnSetString.swift */ = {isa = PBXFileReference; includeInIndex = 1; lastKnownFileType = sourcecode.swift; path = InformOnSetString.swift; sourceTree = "<group>"; };
		9493872E61FBBBC2D563CE95 /* HasWritableFloatValueSpec.swift */ = {isa = PBXFileReference; includeInIndex = 1; lastKnownFileType = sourcecode.swift; path = HasWritableFloatValueSpec.swift; sourceTree = "<group>"; };
		96F5D9E1B4F213C34F2B3A93 /* DoWritableBoolSet.swift */ = {isa = PBXFileReference; includeInIndex = 1; lastKnownFileType = sourcecode.swift; path = DoWritableBoolSet.swift; sourceTree = "<group>"; };
		974CC047BAE4D6B42387360E /* OOEventInform.swift */ = {isa = PBXFileReference; includeInIndex = 1; lastKnownFileType = sourcecode.swift; path = OOEventInform.swift; sourceTree = "<group>"; };
		9999A25F9DEA68F40C7B97BC /* StringCached.swift */ = {isa = PBXFileReference; includeInIndex = 1; lastKnownFileType = sourcecode.swift; path = StringCached.swift; sourceTree = "<group>"; };
		9A57B381224517188962D33B /* OOBaseTests.xctest */ = {isa = PBXFileReference; explicitFileType = wrapper.cfbundle; includeInIndex = 0; path = OOBaseTests.xctest; sourceTree = BUILT_PRODUCTS_DIR; };
		9A8FB8FBDE8E48CC441CBC46 /* IntFromString.swift */ = {isa = PBXFileReference; includeInIndex = 1; lastKnownFileType = sourcecode.swift; path = IntFromString.swift; sourceTree = "<group>"; };
		9C0F1B2FC2DFDFA8A505CE27 /* IntFromBoolSpec.swift */ = {isa = PBXFileReference; includeInIndex = 1; lastKnownFileType = sourcecode.swift; path = IntFromBoolSpec.swift; sourceTree = "<group>"; };
		9D6F3644A9029482097E0628 /* HasWritableIntValue.swift */ = {isa = PBXFileReference; includeInIndex = 1; lastKnownFileType = sourcecode.swift; path = HasWritableIntValue.swift; sourceTree = "<group>"; };
		9F17E72F3431CC089FECEB2A /* WritableBoolFromWritableKeyValueSpec.swift */ = {isa = PBXFileReference; includeInIndex = 1; lastKnownFileType = sourcecode.swift; path = WritableBoolFromWritableKeyValueSpec.swift; sourceTree = "<group>"; };
		A1BA212860DAAE440B01170B /* Makefile */ = {isa = PBXFileReference; includeInIndex = 1; lastKnownFileType = sourcecode.make; path = Makefile; sourceTree = "<group>"; };
		A387D03F4B3CCD3930C8C67C /* InformSplittingSpec.swift */ = {isa = PBXFileReference; includeInIndex = 1; lastKnownFileType = sourcecode.swift; path = InformSplittingSpec.swift; sourceTree = "<group>"; };
		A3C54388001C7A1D164D9015 /* DoNothing.swift */ = {isa = PBXFileReference; includeInIndex = 1; lastKnownFileType = sourcecode.swift; path = DoNothing.swift; sourceTree = "<group>"; };
		A50781D37A5B4307EAE8F5C8 /* HasWritableStringValueSpec.swift */ = {isa = PBXFileReference; includeInIndex = 1; lastKnownFileType = sourcecode.swift; path = HasWritableStringValueSpec.swift; sourceTree = "<group>"; };
		A520890E184F0A0AA6FD3132 /* FALSE.swift */ = {isa = PBXFileReference; includeInIndex = 1; lastKnownFileType = sourcecode.swift; path = FALSE.swift; sourceTree = "<group>"; };
		A59FC6822E406DC0C2C150B4 /* WritableStringMemorySpec.swift */ = {isa = PBXFileReference; includeInIndex = 1; lastKnownFileType = sourcecode.swift; path = WritableStringMemorySpec.swift; sourceTree = "<group>"; };
		A84D3FBA3C7289019386189B /* IsEqualStrings.swift */ = {isa = PBXFileReference; includeInIndex = 1; lastKnownFileType = sourcecode.swift; path = IsEqualStrings.swift; sourceTree = "<group>"; };
		A883254916CDC0914422C126 /* OOBase.pxproject */ = {isa = PBXFileReference; includeInIndex = 1; lastKnownFileType = text; path = OOBase.pxproject; sourceTree = "<group>"; };
		A8D408DADFDD48007D684D2A /* TRUE.swift */ = {isa = PBXFileReference; includeInIndex = 1; lastKnownFileType = sourcecode.swift; path = TRUE.swift; sourceTree = "<group>"; };
		A90A4BD007907D02A9971DE7 /* IntFromFloatSpec.swift */ = {isa = PBXFileReference; includeInIndex = 1; lastKnownFileType = sourcecode.swift; path = IntFromFloatSpec.swift; sourceTree = "<group>"; };
		ABBD96C461728A93781676AF /* OOWritableBool.swift */ = {isa = PBXFileReference; includeInIndex = 1; lastKnownFileType = sourcecode.swift; path = OOWritableBool.swift; sourceTree = "<group>"; };
		AE0D7912261C896CD15DEB48 /* WritableStringMemory.swift */ = {isa = PBXFileReference; includeInIndex = 1; lastKnownFileType = sourcecode.swift; path = WritableStringMemory.swift; sourceTree = "<group>"; };
		B008CF6C16532CBC19917E1B /* IsEmptyString.swift */ = {isa = PBXFileReference; includeInIndex = 1; lastKnownFileType = sourcecode.swift; path = IsEmptyString.swift; sourceTree = "<group>"; };
		B179C2399EC0BF703C732647 /* StringIFSpec.swift */ = {isa = PBXFileReference; includeInIndex = 1; lastKnownFileType = sourcecode.swift; path = StringIFSpec.swift; sourceTree = "<group>"; };
		B33B103EC0E1E693BE073500 /* IntMultiplicated.swift */ = {isa = PBXFileReference; includeInIndex = 1; lastKnownFileType = sourcecode.swift; path = IntMultiplicated.swift; sourceTree = "<group>"; };
		B468E52B1BAD10264F70532F /* WritableIntMemorySpec.swift */ = {isa = PBXFileReference; includeInIndex = 1; lastKnownFileType = sourcecode.swift; path = WritableIntMemorySpec.swift; sourceTree = "<group>"; };
		B4E68127ABC447432513285B /* FloatFromString.swift */ = {isa = PBXFileReference; includeInIndex = 1; lastKnownFileType = sourcecode.swift; path = FloatFromString.swift; sourceTree = "<group>"; };
		B667DAA3F2209C5775634993 /* HasWritableStringValue.swift */ = {isa = PBXFileReference; includeInIndex = 1; lastKnownFileType = sourcecode.swift; path = HasWritableStringValue.swift; sourceTree = "<group>"; };
		B9B3F181B51EF02BB0034CE9 /* InformSplitting.swift */ = {isa = PBXFileReference; includeInIndex = 1; lastKnownFileType = sourcecode.swift; path = InformSplitting.swift; sourceTree = "<group>"; };
		BBE23614DDF55104AADFCC3E /* StringFromBoolSpec.swift */ = {isa = PBXFileReference; includeInIndex = 1; lastKnownFileType = sourcecode.swift; path = StringFromBoolSpec.swift; sourceTree = "<group>"; };
		BE1C8EB7F47D6F7F43876E67 /* BoolConst.swift */ = {isa = PBXFileReference; includeInIndex = 1; lastKnownFileType = sourcecode.swift; path = BoolConst.swift; sourceTree = "<group>"; };
		BF3FBAE8A51A56854B682DD4 /* IntConst.swift */ = {isa = PBXFileReference; includeInIndex = 1; lastKnownFileType = sourcecode.swift; path = IntConst.swift; sourceTree = "<group>"; };
		C13139A01B6F6CCD9CF1AC9F /* BoolIFSpec.swift */ = {isa = PBXFileReference; includeInIndex = 1; lastKnownFileType = sourcecode.swift; path = BoolIFSpec.swift; sourceTree = "<group>"; };
		C561F7E2B1A5BE10EF49B88F /* OOExecutable.swift */ = {isa = PBXFileReference; includeInIndex = 1; lastKnownFileType = sourcecode.swift; path = OOExecutable.swift; sourceTree = "<group>"; };
		C6033FDDEBFA7895D86A3AAE /* BoolFromIntSpec.swift */ = {isa = PBXFileReference; includeInIndex = 1; lastKnownFileType = sourcecode.swift; path = BoolFromIntSpec.swift; sourceTree = "<group>"; };
		C653F4F2BB6D44CC4DB9B899 /* DoGenericSnippet.swift */ = {isa = PBXFileReference; includeInIndex = 1; lastKnownFileType = sourcecode.swift; path = DoGenericSnippet.swift; sourceTree = "<group>"; };
		C7D0E6F87945A538A3E01F81 /* StringFromInt.swift */ = {isa = PBXFileReference; includeInIndex = 1; lastKnownFileType = sourcecode.swift; path = StringFromInt.swift; sourceTree = "<group>"; };
		C8A6CED5657A04D2008ECDBA /* DoWritableStringRemoveSpec.swift */ = {isa = PBXFileReference; includeInIndex = 1; lastKnownFileType = sourcecode.swift; path = DoWritableStringRemoveSpec.swift; sourceTree = "<group>"; };
		CB7D5275915838F616AA7BD1 /* HasWritableBoolValue.swift */ = {isa = PBXFileReference; includeInIndex = 1; lastKnownFileType = sourcecode.swift; path = HasWritableBoolValue.swift; sourceTree = "<group>"; };
		CBF11CDE23A9F771A5D8CF97 /* OR.swift */ = {isa = PBXFileReference; includeInIndex = 1; lastKnownFileType = sourcecode.swift; path = OR.swift; sourceTree = "<group>"; };
		CC41AF3F385DA3F5343E3B10 /* DoIFSpec.swift */ = {isa = PBXFileReference; includeInIndex = 1; lastKnownFileType = sourcecode.swift; path = DoIFSpec.swift; sourceTree = "<group>"; };
		CCEBF9C4C29E455D4C4684A0 /* OOWritableString.swift */ = {isa = PBXFileReference; includeInIndex = 1; lastKnownFileType = sourcecode.swift; path = OOWritableString.swift; sourceTree = "<group>"; };
		CDECEC2D101C25E504E82FFD /* FloatIF.swift */ = {isa = PBXFileReference; includeInIndex = 1; lastKnownFileType = sourcecode.swift; path = FloatIF.swift; sourceTree = "<group>"; };
		CF9242201DA36C513F1D6E6A /* DoWritableIntSetSpec.swift */ = {isa = PBXFileReference; includeInIndex = 1; lastKnownFileType = sourcecode.swift; path = DoWritableIntSetSpec.swift; sourceTree = "<group>"; };
		D2EA6827A81FA4AF2640D430 /* DoWritableKeyValueSet.swift */ = {isa = PBXFileReference; includeInIndex = 1; lastKnownFileType = sourcecode.swift; path = DoWritableKeyValueSet.swift; sourceTree = "<group>"; };
		D5A60684616ED1E880066955 /* StringConst.swift */ = {isa = PBXFileReference; includeInIndex = 1; lastKnownFileType = sourcecode.swift; path = StringConst.swift; sourceTree = "<group>"; };
		D6D1A9BAE9507ACC3928C41A /* Release.xcconfig */ = {isa = PBXFileReference; includeInIndex = 1; lastKnownFileType = text.xcconfig; path = Release.xcconfig; sourceTree = "<group>"; };
		D6E2558FC0593205739E16A5 /* FloatDivided.swift */ = {isa = PBXFileReference; includeInIndex = 1; lastKnownFileType = sourcecode.swift; path = FloatDivided.swift; sourceTree = "<group>"; };
		D913557BFCEB7C3DC09718E6 /* OOKeyValue.swift */ = {isa = PBXFileReference; includeInIndex = 1; lastKnownFileType = sourcecode.swift; path = OOKeyValue.swift; sourceTree = "<group>"; };
		DBBBF7B9B1AAB22BDDAA3F82 /* Release.xcconfig */ = {isa = PBXFileReference; includeInIndex = 1; lastKnownFileType = text.xcconfig; path = Release.xcconfig; sourceTree = "<group>"; };
		DFE4D9854680C1D40F585F13 /* DoStackSpec.swift */ = {isa = PBXFileReference; includeInIndex = 1; lastKnownFileType = sourcecode.swift; path = DoStackSpec.swift; sourceTree = "<group>"; };
		E3CB4D4BA785850AA76C2E6F /* FloatSummarized.swift */ = {isa = PBXFileReference; includeInIndex = 1; lastKnownFileType = sourcecode.swift; path = FloatSummarized.swift; sourceTree = "<group>"; };
		E685E81115E5739B4689CB19 /* IntSubtracted.swift */ = {isa = PBXFileReference; includeInIndex = 1; lastKnownFileType = sourcecode.swift; path = IntSubtracted.swift; sourceTree = "<group>"; };
		E7807D096EF747A54253CF51 /* Debug.xcconfig */ = {isa = PBXFileReference; includeInIndex = 1; lastKnownFileType = text.xcconfig; path = Debug.xcconfig; sourceTree = "<group>"; };
		E944750E5DE121B1956AA38E /* DoWritableKeyValueRemove.swift */ = {isa = PBXFileReference; includeInIndex = 1; lastKnownFileType = sourcecode.swift; path = DoWritableKeyValueRemove.swift; sourceTree = "<group>"; };
		EA2FE6A93888F503A0CCE703 /* FloatFromInt.swift */ = {isa = PBXFileReference; includeInIndex = 1; lastKnownFileType = sourcecode.swift; path = FloatFromInt.swift; sourceTree = "<group>"; };
		EB79FCE2A9AEF6CE5561638D /* BoolFromFloatSpec.swift */ = {isa = PBXFileReference; includeInIndex = 1; lastKnownFileType = sourcecode.swift; path = BoolFromFloatSpec.swift; sourceTree = "<group>"; };
		ECC96ADDD05363FCC74E7B09 /* FloatFromBool.swift */ = {isa = PBXFileReference; includeInIndex = 1; lastKnownFileType = sourcecode.swift; path = FloatFromBool.swift; sourceTree = "<group>"; };
		ED0EA5E5A0F614A4E5746428 /* StringSummarizedSpec.swift */ = {isa = PBXFileReference; includeInIndex = 1; lastKnownFileType = sourcecode.swift; path = StringSummarizedSpec.swift; sourceTree = "<group>"; };
		EF35A557C7052B1A4E3E625C /* BoolFromInt.swift */ = {isa = PBXFileReference; includeInIndex = 1; lastKnownFileType = sourcecode.swift; path = BoolFromInt.swift; sourceTree = "<group>"; };
		F0BCF91530CCC18E77E7ACF4 /* InformOnSetBool.swift */ = {isa = PBXFileReference; includeInIndex = 1; lastKnownFileType = sourcecode.swift; path = InformOnSetBool.swift; sourceTree = "<group>"; };
		F5DC50CE6BDC9B78DBAD7348 /* Debug.xcconfig */ = {isa = PBXFileReference; includeInIndex = 1; lastKnownFileType = text.xcconfig; path = Debug.xcconfig; sourceTree = "<group>"; };
		F72343065F71B7D4F5AE8999 /* BoolFromString.swift */ = {isa = PBXFileReference; includeInIndex = 1; lastKnownFileType = sourcecode.swift; path = BoolFromString.swift; sourceTree = "<group>"; };
		F7ABAE1DDD82C7E9043EFEBC /* StringFromFloatSpec.swift */ = {isa = PBXFileReference; includeInIndex = 1; lastKnownFileType = sourcecode.swift; path = StringFromFloatSpec.swift; sourceTree = "<group>"; };
		F7B616C207B07057B9877316 /* BoolCached.swift */ = {isa = PBXFileReference; includeInIndex = 1; lastKnownFileType = sourcecode.swift; path = BoolCached.swift; sourceTree = "<group>"; };
		F81A702ADA6A353020B0EECA /* StringFromIntSpec.swift */ = {isa = PBXFileReference; includeInIndex = 1; lastKnownFileType = sourcecode.swift; path = StringFromIntSpec.swift; sourceTree = "<group>"; };
		F9AF3DF339AB18994F9C5BF6 /* WritableIntMemory.swift */ = {isa = PBXFileReference; includeInIndex = 1; lastKnownFileType = sourcecode.swift; path = WritableIntMemory.swift; sourceTree = "<group>"; };
		F9CCF5F60EB3E3A36FA4B7CE /* WritableIntFromWritableKeyValueSpec.swift */ = {isa = PBXFileReference; includeInIndex = 1; lastKnownFileType = sourcecode.swift; path = WritableIntFromWritableKeyValueSpec.swift; sourceTree = "<group>"; };
		FA0EEF400AB6CA83941B53C9 /* IntCached.swift */ = {isa = PBXFileReference; includeInIndex = 1; lastKnownFileType = sourcecode.swift; path = IntCached.swift; sourceTree = "<group>"; };
		FAB10BE949AD965E8ADCE0C8 /* BoolFromStringSpec.swift */ = {isa = PBXFileReference; includeInIndex = 1; lastKnownFileType = sourcecode.swift; path = BoolFromStringSpec.swift; sourceTree = "<group>"; };
		FBCEF0C891E8B90CD424979E /* DoWritableFloatRemove.swift */ = {isa = PBXFileReference; includeInIndex = 1; lastKnownFileType = sourcecode.swift; path = DoWritableFloatRemove.swift; sourceTree = "<group>"; };
		FCBAFE6BD43D25399AEED36C /* StringFromKeyValue.swift */ = {isa = PBXFileReference; includeInIndex = 1; lastKnownFileType = sourcecode.swift; path = StringFromKeyValue.swift; sourceTree = "<group>"; };
		FDC17ADCBA6625F50384B92E /* InformOnSetFloat.swift */ = {isa = PBXFileReference; includeInIndex = 1; lastKnownFileType = sourcecode.swift; path = InformOnSetFloat.swift; sourceTree = "<group>"; };
		FF61CA5F2B86624654E0F455 /* IntFromFloat.swift */ = {isa = PBXFileReference; includeInIndex = 1; lastKnownFileType = sourcecode.swift; path = IntFromFloat.swift; sourceTree = "<group>"; };
/* End PBXFileReference section */

/* Begin PBXFrameworksBuildPhase section */
		087AF5A0522EB61F5C0C0831 /* Frameworks */ = {
			isa = PBXFrameworksBuildPhase;
			buildActionMask = 2147483647;
			files = (
				BBE2C31119EE913447FF7CF5 /* OOBase.framework in Frameworks */,
			);
			runOnlyForDeploymentPostprocessing = 0;
		};
		323CD6DA920C734FAA72116D /* Frameworks */ = {
			isa = PBXFrameworksBuildPhase;
			buildActionMask = 2147483647;
			files = (
			);
			runOnlyForDeploymentPostprocessing = 0;
		};
/* End PBXFrameworksBuildPhase section */

/* Begin PBXGroup section */
		03D5838F61743161333E01B9 /* Configuration */ = {
			isa = PBXGroup;
			children = (
				19F55A4C6AF8437E62C72DAA /* Project */,
				5E1DC639A3DE012E86F48A58 /* Target */,
				88CC6F8797F3FFBE79359678 /* TargetTests */,
			);
			path = Configuration;
			sourceTree = "<group>";
		};
		0822BBFA8B0E7ED5B3CCA8E2 /* ImplNothing */ = {
			isa = PBXGroup;
			children = (
				A3C54388001C7A1D164D9015 /* DoNothing.swift */,
			);
			path = ImplNothing;
			sourceTree = "<group>";
		};
		17F72158DB220CB35DFBD42C /* Functions */ = {
			isa = PBXGroup;
			children = (
				C653F4F2BB6D44CC4DB9B899 /* DoGenericSnippet.swift */,
				4F294E9C31337953394A29A8 /* DoIF.swift */,
				CC41AF3F385DA3F5343E3B10 /* DoIFSpec.swift */,
				3ED1EF40F2480D3DF3ACBA5B /* DoStack.swift */,
				DFE4D9854680C1D40F585F13 /* DoStackSpec.swift */,
			);
			path = Functions;
			sourceTree = "<group>";
		};
		19F55A4C6AF8437E62C72DAA /* Project */ = {
			isa = PBXGroup;
			children = (
				F5DC50CE6BDC9B78DBAD7348 /* Debug.xcconfig */,
				DBBBF7B9B1AAB22BDDAA3F82 /* Release.xcconfig */,
			);
			path = Project;
			sourceTree = "<group>";
		};
		1AC662029F7EE42A5137344E /* FunctionsWritableBool */ = {
			isa = PBXGroup;
			children = (
				828450B5B9A6C91CF7828B54 /* DoWritableBoolRemove.swift */,
				17CB323A085AF0B0DBE55433 /* DoWritableBoolRemoveSpec.swift */,
				96F5D9E1B4F213C34F2B3A93 /* DoWritableBoolSet.swift */,
				865B01BEBF8D0A84CEED5F6D /* DoWritableBoolSetSpec.swift */,
				CB7D5275915838F616AA7BD1 /* HasWritableBoolValue.swift */,
				570EE8715799D811C5F8A967 /* HasWritableBoolValueSpec.swift */,
			);
			path = FunctionsWritableBool;
			sourceTree = "<group>";
		};
		1C8796E3E76392EF35B40714 = {
			isa = PBXGroup;
			children = (
				80A30BAEB08DAB1FB0BA5AFF /* . */,
				03D5838F61743161333E01B9 /* Configuration */,
				443EE6B8B0E4C68F39A7252A /* Frameworks */,
				895F01B5C8908593C0BB35B2 /* Products */,
				372BA33238382170BB589778 /* Sources */,
			);
			sourceTree = "<group>";
		};
		239DF22184213221A5835AA5 /* _Protocol */ = {
			isa = PBXGroup;
			children = (
				7A39B5504797BC8D44CFB9F8 /* OOAny.swift */,
				421D4134D1C154B4C5B05887 /* OOBool.swift */,
				8DD706B542A92CCBFC646FE2 /* OOFloat.swift */,
				6282B7C08061ED4E2B10730D /* OOInt.swift */,
				D913557BFCEB7C3DC09718E6 /* OOKeyValue.swift */,
				88D64BF997852C5FE2B5E011 /* OOString.swift */,
			);
			path = _Protocol;
			sourceTree = "<group>";
		};
		28FD030DB06F40DAC09A580A /* FunctionsBool */ = {
			isa = PBXGroup;
			children = (
				883C245E216BFCA3184353AE /* And.swift */,
				F7B616C207B07057B9877316 /* BoolCached.swift */,
				102E4F6E7E100B417905E499 /* BoolCachedSpec.swift */,
				8153E011B97F9781330A81E5 /* BoolIF.swift */,
				C13139A01B6F6CCD9CF1AC9F /* BoolIFSpec.swift */,
				ECC96ADDD05363FCC74E7B09 /* FloatFromBool.swift */,
				6352786976A6BCAB49923DD6 /* FloatFromBoolSpec.swift */,
				910AE6175B4D9C738612A191 /* IntFromBool.swift */,
				9C0F1B2FC2DFDFA8A505CE27 /* IntFromBoolSpec.swift */,
				7BAF70C11879BA6C8F779FA4 /* IsEqualBools.swift */,
				3959A829ACAE019134242AB5 /* Not.swift */,
				CBF11CDE23A9F771A5D8CF97 /* OR.swift */,
				6E013F9F6470F8340FB20FF8 /* StringFromBool.swift */,
				BBE23614DDF55104AADFCC3E /* StringFromBoolSpec.swift */,
			);
			path = FunctionsBool;
			sourceTree = "<group>";
		};
		294BA54BF7235D0ED50807FA /* _Protocol */ = {
			isa = PBXGroup;
			children = (
				C561F7E2B1A5BE10EF49B88F /* OOExecutable.swift */,
			);
			path = _Protocol;
			sourceTree = "<group>";
		};
		2CF799473606BDB31B816E9D /* FunctionsWritableFloat */ = {
			isa = PBXGroup;
			children = (
				FBCEF0C891E8B90CD424979E /* DoWritableFloatRemove.swift */,
				63037BD0450C4F99DC8E028B /* DoWritableFloatRemoveSpec.swift */,
				2F15A974C6C8376519FD6DE4 /* DoWritableFloatSet.swift */,
				891ABF5AF2576756C77FBF52 /* DoWritableFloatSetSpec.swift */,
				707DB329E6BADD256EFDDD8F /* HasWritableFloatValue.swift */,
				9493872E61FBBBC2D563CE95 /* HasWritableFloatValueSpec.swift */,
			);
			path = FunctionsWritableFloat;
			sourceTree = "<group>";
		};
		372BA33238382170BB589778 /* Sources */ = {
			isa = PBXGroup;
			children = (
				9859664AFB55516BD96D2A16 /* DataReadonly */,
				8F6ED0B86D1FA6FB65A229C2 /* DataWritable */,
				E88EE9EC53C3A8E7EC6C3F73 /* EventInform */,
				CBE42A595F7EBBAEC2EFF6DC /* Executable */,
			);
			path = Sources;
			sourceTree = "<group>";
		};
		443EE6B8B0E4C68F39A7252A /* Frameworks */ = {
			isa = PBXGroup;
			children = (
			);
			name = Frameworks;
			sourceTree = "<group>";
		};
		4C40F38124543B5A65828E4D /* FunctionsFloat */ = {
			isa = PBXGroup;
			children = (
				29D5D3D0AFBB994EDF1D6AE2 /* BoolFromFloat.swift */,
				EB79FCE2A9AEF6CE5561638D /* BoolFromFloatSpec.swift */,
				5236A76A076153BD8A9459AC /* FloatCached.swift */,
				101A9F872D89BAFFC7B7E41A /* FloatCachedSpec.swift */,
				D6E2558FC0593205739E16A5 /* FloatDivided.swift */,
				CDECEC2D101C25E504E82FFD /* FloatIF.swift */,
				0336966817E9AB5BB4ACFF88 /* FloatIFSpec.swift */,
				25FA58F3CF1614575225D2F2 /* FloatMultiplicated.swift */,
				30DE5CB25910D7CE4B5322CF /* FloatSubtracted.swift */,
				E3CB4D4BA785850AA76C2E6F /* FloatSummarized.swift */,
				FF61CA5F2B86624654E0F455 /* IntFromFloat.swift */,
				A90A4BD007907D02A9971DE7 /* IntFromFloatSpec.swift */,
				4C3498149369DD3538287BA3 /* IsEqualFloats.swift */,
				2677EBC11DE7E4FB0E211E9C /* StringFromFloat.swift */,
				F7ABAE1DDD82C7E9043EFEBC /* StringFromFloatSpec.swift */,
			);
			path = FunctionsFloat;
			sourceTree = "<group>";
		};
		4DFC30DACE347EA05F5B5840 /* Conversion */ = {
			isa = PBXGroup;
			children = (
				4944A7887338D57DFF1E9E88 /* WritableBoolFromWritableKeyValue.swift */,
				9F17E72F3431CC089FECEB2A /* WritableBoolFromWritableKeyValueSpec.swift */,
				6BF88CD334154DA0D89C11E5 /* WritableFloatFromWritableKeyValue.swift */,
				48C128C731EF63B623E08103 /* WritableFloatFromWritableKeyValueSpec.swift */,
				16C3D077D61DAAB19BDAFB7A /* WritableIntFromWritableKeyValue.swift */,
				F9CCF5F60EB3E3A36FA4B7CE /* WritableIntFromWritableKeyValueSpec.swift */,
				7A0D7755969CDAE8DEA9DBEA /* WritableStringFromWritableKeyValue.swift */,
				3FB4CBA4976D4AAA1A480F29 /* WritableStringFromWritableKeyValueSpec.swift */,
			);
			path = Conversion;
			sourceTree = "<group>";
		};
		519D3643B109B2BD8CC0B1CA /* ImplNothing */ = {
			isa = PBXGroup;
			children = (
				25C6AECD749E7C107A9F1C0B /* InformNothing.swift */,
			);
			path = ImplNothing;
			sourceTree = "<group>";
		};
		5334CDE52DB2F43E688E7BD8 /* _Protocol */ = {
			isa = PBXGroup;
			children = (
				974CC047BAE4D6B42387360E /* OOEventInform.swift */,
			);
			path = _Protocol;
			sourceTree = "<group>";
		};
		5A3F5306921524BB5582075F /* Functions */ = {
			isa = PBXGroup;
			children = (
				B9B3F181B51EF02BB0034CE9 /* InformSplitting.swift */,
				A387D03F4B3CCD3930C8C67C /* InformSplittingSpec.swift */,
			);
			path = Functions;
			sourceTree = "<group>";
		};
		5E1DC639A3DE012E86F48A58 /* Target */ = {
			isa = PBXGroup;
			children = (
				E7807D096EF747A54253CF51 /* Debug.xcconfig */,
				07C1596035650F669E62130C /* Info.plist */,
				2993DC8D572FB8D1E8050318 /* Release.xcconfig */,
			);
			path = Target;
			sourceTree = "<group>";
		};
		6AE40EA9C7EE87CD5B9372C6 /* FunctionsInt */ = {
			isa = PBXGroup;
			children = (
				EF35A557C7052B1A4E3E625C /* BoolFromInt.swift */,
				C6033FDDEBFA7895D86A3AAE /* BoolFromIntSpec.swift */,
				EA2FE6A93888F503A0CCE703 /* FloatFromInt.swift */,
				60ECB343B45FF75FB4A5BD4B /* FloatFromIntSpec.swift */,
				FA0EEF400AB6CA83941B53C9 /* IntCached.swift */,
				7CA6682E78A186146085D807 /* IntCachedSpec.swift */,
				054A283ADFEC2CD973083FB3 /* IntDivided.swift */,
				2F0060771EB16810EB0B75CD /* IntIF.swift */,
				8DBF17E46B4139F3099398A8 /* IntIFSpec.swift */,
				B33B103EC0E1E693BE073500 /* IntMultiplicated.swift */,
				E685E81115E5739B4689CB19 /* IntSubtracted.swift */,
				78DB7BC72D8F13A1126BA779 /* IntSummarized.swift */,
				18439E1F28E163E69A22AD3B /* IsEqualInts.swift */,
				C7D0E6F87945A538A3E01F81 /* StringFromInt.swift */,
				F81A702ADA6A353020B0EECA /* StringFromIntSpec.swift */,
			);
			path = FunctionsInt;
			sourceTree = "<group>";
		};
		80A30BAEB08DAB1FB0BA5AFF /* . */ = {
			isa = PBXGroup;
			children = (
				1384C5E19739C3CA1111A3D9 /* .gitignore */,
				3FC62DCC042903FF2F1D797E /* LICENSE */,
				A1BA212860DAAE440B01170B /* Makefile */,
				A883254916CDC0914422C126 /* OOBase.pxproject */,
				3B011B7C5EABE2F62A10D24D /* README.md */,
			);
			path = .;
			sourceTree = "<group>";
		};
		8418582C831788E38ECD2CAB /* FunctionsKeyValue */ = {
			isa = PBXGroup;
			children = (
				526E3233B631B4EDB35C468A /* BoolFromKeyValue.swift */,
				55B2FA9338AE7CD7812D855D /* FloatFromKeyValue.swift */,
				25AAA3DB70AF7ACFD4E2CC30 /* IntFromKeyValue.swift */,
				FCBAFE6BD43D25399AEED36C /* StringFromKeyValue.swift */,
			);
			path = FunctionsKeyValue;
			sourceTree = "<group>";
		};
		88CC6F8797F3FFBE79359678 /* TargetTests */ = {
			isa = PBXGroup;
			children = (
				78409007186BB0E16E9076E8 /* Debug.xcconfig */,
				3EC1F08D42FBC150C4C6EBEC /* Info.plist */,
				D6D1A9BAE9507ACC3928C41A /* Release.xcconfig */,
			);
			path = TargetTests;
			sourceTree = "<group>";
		};
		895F01B5C8908593C0BB35B2 /* Products */ = {
			isa = PBXGroup;
			children = (
				86A05156704D361B3B1E3560 /* OOBase.framework */,
				9A57B381224517188962D33B /* OOBaseTests.xctest */,
			);
			name = Products;
			sourceTree = "<group>";
		};
		8C3E550493239996659D9042 /* FunctionsString */ = {
			isa = PBXGroup;
			children = (
				F72343065F71B7D4F5AE8999 /* BoolFromString.swift */,
				FAB10BE949AD965E8ADCE0C8 /* BoolFromStringSpec.swift */,
				B4E68127ABC447432513285B /* FloatFromString.swift */,
				7BA3A6DF25E2D159769B7FF6 /* FloatFromStringSpec.swift */,
				9A8FB8FBDE8E48CC441CBC46 /* IntFromString.swift */,
				1F3B209E1E11897D5D9C60A8 /* IntFromStringSpec.swift */,
				B008CF6C16532CBC19917E1B /* IsEmptyString.swift */,
				A84D3FBA3C7289019386189B /* IsEqualStrings.swift */,
				9999A25F9DEA68F40C7B97BC /* StringCached.swift */,
				4A861A4C8FCD3C75A12F5F47 /* StringCachedSpec.swift */,
				7CD246E1B0AA58A557B0D4E8 /* StringIF.swift */,
				B179C2399EC0BF703C732647 /* StringIFSpec.swift */,
				5C12196D11473B3B68FA9F15 /* StringSummarized.swift */,
				ED0EA5E5A0F614A4E5746428 /* StringSummarizedSpec.swift */,
			);
			path = FunctionsString;
			sourceTree = "<group>";
		};
		8F6ED0B86D1FA6FB65A229C2 /* DataWritable */ = {
			isa = PBXGroup;
			children = (
				9180C72450BAD28E2A3F86C7 /* _Protocol */,
				1AC662029F7EE42A5137344E /* FunctionsWritableBool */,
				2CF799473606BDB31B816E9D /* FunctionsWritableFloat */,
				B01FB284CCE9AE7FFC891148 /* FunctionsWritableInt */,
				C993AB8DCCF100E40403FC4D /* FunctionsWritableKeyValue */,
				B7C4E9BE2042D7F2734FB019 /* FunctionsWritableString */,
				EE0CE09DD960566263E02B2E /* ImplInMemory */,
			);
			path = DataWritable;
			sourceTree = "<group>";
		};
		9180C72450BAD28E2A3F86C7 /* _Protocol */ = {
			isa = PBXGroup;
			children = (
				ABBD96C461728A93781676AF /* OOWritableBool.swift */,
				4FA0A8289483854A220B6EB4 /* OOWritableFloat.swift */,
				809D7DC12FF39769C8C9EF45 /* OOWritableInt.swift */,
				4E8EDC542BC1660E2C926991 /* OOWritableKeyValue.swift */,
				CCEBF9C4C29E455D4C4684A0 /* OOWritableString.swift */,
			);
			path = _Protocol;
			sourceTree = "<group>";
		};
		9859664AFB55516BD96D2A16 /* DataReadonly */ = {
			isa = PBXGroup;
			children = (
				239DF22184213221A5835AA5 /* _Protocol */,
				28FD030DB06F40DAC09A580A /* FunctionsBool */,
				4C40F38124543B5A65828E4D /* FunctionsFloat */,
				6AE40EA9C7EE87CD5B9372C6 /* FunctionsInt */,
				8418582C831788E38ECD2CAB /* FunctionsKeyValue */,
				8C3E550493239996659D9042 /* FunctionsString */,
				CD4F15531047A65B15D84F4F /* ImplConst */,
			);
			path = DataReadonly;
			sourceTree = "<group>";
		};
		A18597BC8159E3225D5480A6 /* ImplDataWritable */ = {
			isa = PBXGroup;
			children = (
				F0BCF91530CCC18E77E7ACF4 /* InformOnSetBool.swift */,
				FDC17ADCBA6625F50384B92E /* InformOnSetFloat.swift */,
				456726931CAA3729C989B617 /* InformOnSetInt.swift */,
				940590A0CDFA69AC737BA626 /* InformOnSetString.swift */,
			);
			path = ImplDataWritable;
			sourceTree = "<group>";
		};
		B01FB284CCE9AE7FFC891148 /* FunctionsWritableInt */ = {
			isa = PBXGroup;
			children = (
				346DBEB6B584CDB1CEE17EE4 /* DoWritableIntRemove.swift */,
				241D926052B11243E97221FF /* DoWritableIntRemoveSpec.swift */,
				1EB0E37A21DD91A02A10FA2E /* DoWritableIntSet.swift */,
				CF9242201DA36C513F1D6E6A /* DoWritableIntSetSpec.swift */,
				9D6F3644A9029482097E0628 /* HasWritableIntValue.swift */,
				285F75A05ECF66260DB060D1 /* HasWritableIntValueSpec.swift */,
			);
			path = FunctionsWritableInt;
			sourceTree = "<group>";
		};
		B7C4E9BE2042D7F2734FB019 /* FunctionsWritableString */ = {
			isa = PBXGroup;
			children = (
				10DB9325EC0BFD07C562B2F7 /* DoWritableStringRemove.swift */,
				C8A6CED5657A04D2008ECDBA /* DoWritableStringRemoveSpec.swift */,
				2EEF31351D5B184729EC1C7F /* DoWritableStringSet.swift */,
				3192188DF141146398769999 /* DoWritableStringSetSpec.swift */,
				B667DAA3F2209C5775634993 /* HasWritableStringValue.swift */,
				A50781D37A5B4307EAE8F5C8 /* HasWritableStringValueSpec.swift */,
			);
			path = FunctionsWritableString;
			sourceTree = "<group>";
		};
		C993AB8DCCF100E40403FC4D /* FunctionsWritableKeyValue */ = {
			isa = PBXGroup;
			children = (
				4DFC30DACE347EA05F5B5840 /* Conversion */,
				E944750E5DE121B1956AA38E /* DoWritableKeyValueRemove.swift */,
				0B6A004C80A9A82B7676F3A2 /* DoWritableKeyValueRemoveSpec.swift */,
				D2EA6827A81FA4AF2640D430 /* DoWritableKeyValueSet.swift */,
				230A094286C2B190C4CA4B16 /* DoWritableKeyValueSetSpec.swift */,
				852FE4326D723508FA9ED467 /* HasWritableKeyValueValue.swift */,
				3ECA7067FE64C9ED38323CD6 /* HasWritableKeyValueValueSpec.swift */,
				6EC64F8C6F5C57BEF698C9F5 /* WritableKeyValuePrefixedKeys.swift */,
				326663A9709269EE275BB10C /* WritableKeyValuePrefixedKeysSpec.swift */,
			);
			path = FunctionsWritableKeyValue;
			sourceTree = "<group>";
		};
		CBE42A595F7EBBAEC2EFF6DC /* Executable */ = {
			isa = PBXGroup;
			children = (
				294BA54BF7235D0ED50807FA /* _Protocol */,
				17F72158DB220CB35DFBD42C /* Functions */,
				0822BBFA8B0E7ED5B3CCA8E2 /* ImplNothing */,
			);
			path = Executable;
			sourceTree = "<group>";
		};
		CD4F15531047A65B15D84F4F /* ImplConst */ = {
			isa = PBXGroup;
			children = (
				BE1C8EB7F47D6F7F43876E67 /* BoolConst.swift */,
				A520890E184F0A0AA6FD3132 /* FALSE.swift */,
				05F386B726C22AF2D8268541 /* FloatConst.swift */,
				BF3FBAE8A51A56854B682DD4 /* IntConst.swift */,
				D5A60684616ED1E880066955 /* StringConst.swift */,
				A8D408DADFDD48007D684D2A /* TRUE.swift */,
			);
			path = ImplConst;
			sourceTree = "<group>";
		};
		E88EE9EC53C3A8E7EC6C3F73 /* EventInform */ = {
			isa = PBXGroup;
			children = (
				5334CDE52DB2F43E688E7BD8 /* _Protocol */,
				5A3F5306921524BB5582075F /* Functions */,
				A18597BC8159E3225D5480A6 /* ImplDataWritable */,
				519D3643B109B2BD8CC0B1CA /* ImplNothing */,
			);
			path = EventInform;
			sourceTree = "<group>";
		};
		EE0CE09DD960566263E02B2E /* ImplInMemory */ = {
			isa = PBXGroup;
			children = (
				633A0762DACF98300A6D1C68 /* WritableBoolMemory.swift */,
				1AC9D06045E33622D1387797 /* WritableBoolMemorySpec.swift */,
				694775B4904E1E7319FACEBF /* WritableFloatMemory.swift */,
				84C659AAC8C67DDC5B87EDFD /* WritableFloatMemorySpec.swift */,
				F9AF3DF339AB18994F9C5BF6 /* WritableIntMemory.swift */,
				B468E52B1BAD10264F70532F /* WritableIntMemorySpec.swift */,
				0D997E3C0C09E1676B4DA838 /* WritableKeyValueMemory.swift */,
				86EDF805B9B72FA68D90918F /* WritableKeyValueMemorySpec.swift */,
				AE0D7912261C896CD15DEB48 /* WritableStringMemory.swift */,
				A59FC6822E406DC0C2C150B4 /* WritableStringMemorySpec.swift */,
			);
			path = ImplInMemory;
			sourceTree = "<group>";
		};
/* End PBXGroup section */

/* Begin PBXNativeTarget section */
		020C9E18AD321D7F176575E9 /* OOBaseTests */ = {
			isa = PBXNativeTarget;
			buildConfigurationList = 70C945C7C0065E6B53B6CCDB /* Build configuration list for PBXNativeTarget "OOBaseTests" */;
			buildPhases = (
				061B212FE94EFBF954ACD9B9 /* Sources */,
				087AF5A0522EB61F5C0C0831 /* Frameworks */,
				919027C125F5DAACF715B207 /* Resources */,
				FDA29992E0EC2BA550B24DF0 /* Embed Frameworks */,
			);
			buildRules = (
			);
			dependencies = (
				40AE00377F2B9517E298A2E5 /* PBXTargetDependency */,
			);
			name = OOBaseTests;
			productName = OOBaseTests;
			productReference = 9A57B381224517188962D33B /* OOBaseTests.xctest */;
			productType = "com.apple.product-type.bundle.unit-test";
		};
		C24AC14BB4D32371C1452B9F /* OOBase */ = {
			isa = PBXNativeTarget;
			buildConfigurationList = 6C1E417533445A2993FD62EF /* Build configuration list for PBXNativeTarget "OOBase" */;
			buildPhases = (
				7BCFD554F80157CCA20B2BDA /* Sources */,
				323CD6DA920C734FAA72116D /* Frameworks */,
			);
			buildRules = (
			);
			dependencies = (
			);
			name = OOBase;
			productName = OOBase;
			productReference = 86A05156704D361B3B1E3560 /* OOBase.framework */;
			productType = "com.apple.product-type.framework";
		};
/* End PBXNativeTarget section */

/* Begin PBXProject section */
		1E23B997759400B39DE04DDE /* Project object */ = {
			isa = PBXProject;
			attributes = {
				LastSwiftUpdateCheck = 0830;
				LastUpgradeCheck = 0700;
				TargetAttributes = {
					020C9E18AD321D7F176575E9 = {
						ProvisioningStyle = Automatic;
					};
					C24AC14BB4D32371C1452B9F = {
						ProvisioningStyle = Automatic;
					};
				};
			};
			buildConfigurationList = D2D23FFA59A2D8C8443F8B5D /* Build configuration list for PBXProject "OOBase" */;
			compatibilityVersion = "Xcode 3.2";
			developmentRegion = English;
			hasScannedForEncodings = 0;
			knownRegions = (
				en,
			);
			mainGroup = 1C8796E3E76392EF35B40714;
			productRefGroup = 895F01B5C8908593C0BB35B2 /* Products */;
			projectDirPath = "";
			projectRoot = "";
			targets = (
				C24AC14BB4D32371C1452B9F /* OOBase */,
				020C9E18AD321D7F176575E9 /* OOBaseTests */,
			);
		};
/* End PBXProject section */

/* Begin PBXResourcesBuildPhase section */
		919027C125F5DAACF715B207 /* Resources */ = {
			isa = PBXResourcesBuildPhase;
			buildActionMask = 2147483647;
			files = (
			);
			runOnlyForDeploymentPostprocessing = 0;
		};
/* End PBXResourcesBuildPhase section */

/* Begin PBXSourcesBuildPhase section */
		061B212FE94EFBF954ACD9B9 /* Sources */ = {
			isa = PBXSourcesBuildPhase;
			buildActionMask = 2147483647;
			files = (
				D8B8A200FBE5589335D47193 /* BoolCachedSpec.swift in Sources */,
				9E3EAEB9783F33F28001A2C3 /* BoolIFSpec.swift in Sources */,
				BF704E7FE3ED3331674E598F /* FloatFromBoolSpec.swift in Sources */,
				391316E26D58D8E08C01BB0A /* IntFromBoolSpec.swift in Sources */,
				E3EE355DA27BF34D17A1FB15 /* StringFromBoolSpec.swift in Sources */,
				20410F5D6AE5F49A8AA7DA3F /* BoolFromFloatSpec.swift in Sources */,
				11747B94257287110B905CD0 /* FloatCachedSpec.swift in Sources */,
				22EBF7B62DD72CB44F7EEB89 /* FloatIFSpec.swift in Sources */,
				CF7DCE7A5A22DB16A9CAF83C /* IntFromFloatSpec.swift in Sources */,
				719AF71FFF19BB27D24989BD /* StringFromFloatSpec.swift in Sources */,
				65DFFF141B23D93A150701F2 /* BoolFromIntSpec.swift in Sources */,
				F717B366C7B86994E340A8D0 /* FloatFromIntSpec.swift in Sources */,
				D60FCEC5E11CB304201DE3DE /* IntCachedSpec.swift in Sources */,
				290CA44BAAB90B93FDAA4C47 /* IntIFSpec.swift in Sources */,
				7EA0EFFE6EA941BD05B9036D /* StringFromIntSpec.swift in Sources */,
				33557281AD6FAB0A3558366E /* BoolFromStringSpec.swift in Sources */,
				0C2F0FB08AA15052A6ECDD34 /* FloatFromStringSpec.swift in Sources */,
				893448F42B6668B1F2115235 /* IntFromStringSpec.swift in Sources */,
				6BDDA1C3E20050F99CBF83E9 /* StringCachedSpec.swift in Sources */,
				E931536A91927A8752F88374 /* StringIFSpec.swift in Sources */,
				290B0A06D4F67AE4C6B4FEC1 /* StringSummarizedSpec.swift in Sources */,
				20A0718788AE1D2C5038FB48 /* DoWritableBoolRemoveSpec.swift in Sources */,
				7453AAA53C72053BED938F7C /* DoWritableBoolSetSpec.swift in Sources */,
				2A28312525777D4B363A0DCC /* HasWritableBoolValueSpec.swift in Sources */,
				CFAF9AEB3D84619BFD48F3BC /* DoWritableFloatRemoveSpec.swift in Sources */,
				8DD4EFEA6B8D1D31848B863F /* DoWritableFloatSetSpec.swift in Sources */,
				00DC9AEDA564F3B8238BFF80 /* HasWritableFloatValueSpec.swift in Sources */,
				AF3DD36CC7BB488658D6C6A7 /* DoWritableIntRemoveSpec.swift in Sources */,
				C1B8A45291032837E5CCBDA0 /* DoWritableIntSetSpec.swift in Sources */,
				9A5AB5DB0EDCCA8A8FED5474 /* HasWritableIntValueSpec.swift in Sources */,
				599509DB30A8336062EB4143 /* WritableBoolFromWritableKeyValueSpec.swift in Sources */,
				6B102342AEA59DA312C578B8 /* WritableFloatFromWritableKeyValueSpec.swift in Sources */,
				8AA643829AC3D216B60591E0 /* WritableIntFromWritableKeyValueSpec.swift in Sources */,
				16CDF01C639C9B1E2D64832E /* WritableStringFromWritableKeyValueSpec.swift in Sources */,
				B9C40F6A74C0874539CAEE39 /* DoWritableKeyValueRemoveSpec.swift in Sources */,
				4B84D2DC8D7AD7BB7BB178F1 /* DoWritableKeyValueSetSpec.swift in Sources */,
				977DAFD852DFBDE962EB2490 /* HasWritableKeyValueValueSpec.swift in Sources */,
				33A3568D988BC645BA7A863D /* WritableKeyValuePrefixedKeysSpec.swift in Sources */,
				9CB1CC00391CFB7910ECFD71 /* DoWritableStringRemoveSpec.swift in Sources */,
				3E058F092E4DC584E6E99BA4 /* DoWritableStringSetSpec.swift in Sources */,
				4D5F2AFA0CCAD1320951DD5A /* HasWritableStringValueSpec.swift in Sources */,
				32507095C5CFFB0D060A477E /* WritableBoolMemorySpec.swift in Sources */,
				9CB14750F7814AFC6E4087D9 /* WritableFloatMemorySpec.swift in Sources */,
				8452C2DE43BBD52A4BD06BA3 /* WritableIntMemorySpec.swift in Sources */,
				8710D0601A0A841EDFE493C2 /* WritableKeyValueMemorySpec.swift in Sources */,
				0522C7AA50789B80C87F8108 /* WritableStringMemorySpec.swift in Sources */,
				85262846ECC1B8F771278E6C /* InformSplittingSpec.swift in Sources */,
				A21259AF3CDBD73000E15ED8 /* DoIFSpec.swift in Sources */,
				76A05DB4A15E8A23C29A8E98 /* DoStackSpec.swift in Sources */,
			);
			runOnlyForDeploymentPostprocessing = 0;
		};
		7BCFD554F80157CCA20B2BDA /* Sources */ = {
			isa = PBXSourcesBuildPhase;
			buildActionMask = 2147483647;
			files = (
				E780C0CD37CB52F7A7B6B4BE /* And.swift in Sources */,
				D29828E7C4B26EE725663B62 /* BoolCached.swift in Sources */,
				7D8EF4E9BBD329D8A7106810 /* BoolConst.swift in Sources */,
				7790E320252B53B06B72535F /* BoolFromFloat.swift in Sources */,
				8C2B1CA25AE5D20839D8F531 /* BoolFromInt.swift in Sources */,
				EA9A7BA9FE319A9C313A692B /* BoolFromKeyValue.swift in Sources */,
				9F1B507317EA3576DA0D2E8B /* BoolFromString.swift in Sources */,
				5F48991F22B89B5D3F7E3CA6 /* BoolIF.swift in Sources */,
				6A855AF8B373184C304B9755 /* DoGenericSnippet.swift in Sources */,
				F8E8E49DACA78EFA18237D57 /* DoIF.swift in Sources */,
				946F3FC4BFDEED5A94DEA715 /* DoNothing.swift in Sources */,
				03D88F301B81C0E3C358F599 /* DoStack.swift in Sources */,
				19948DF40FFB6DB895AB5F08 /* DoWritableBoolRemove.swift in Sources */,
				DBCF92D9812B89C24E01B6FE /* DoWritableBoolSet.swift in Sources */,
				F159E1C75B193DC716F76F66 /* DoWritableFloatRemove.swift in Sources */,
				1DA6E7F133D5606A10801B37 /* DoWritableFloatSet.swift in Sources */,
				4A7588CCB7B7E87FA5B36DFC /* DoWritableIntRemove.swift in Sources */,
				7BDD4A54259A7E2D91B16A6F /* DoWritableIntSet.swift in Sources */,
				634B9CD6B1B2AD82F590AB61 /* DoWritableKeyValueRemove.swift in Sources */,
				ECF2C0F25135A2443F3BBA9B /* DoWritableKeyValueSet.swift in Sources */,
				8AB1DB27E262DF009B746304 /* DoWritableStringRemove.swift in Sources */,
				8CD905BDFBE6A43688897A1E /* DoWritableStringSet.swift in Sources */,
				81A3FABD1908E0D1006F5AD2 /* FALSE.swift in Sources */,
				C9B1444CC64549CEC5552050 /* FloatCached.swift in Sources */,
				66D8944C1AD160539F703B42 /* FloatConst.swift in Sources */,
				3849F027E5381EF5A03FCBEB /* FloatDivided.swift in Sources */,
				AE87DDBFBF9A81795315E76C /* FloatFromBool.swift in Sources */,
				F493254DFB232EFB658D3A3D /* FloatFromInt.swift in Sources */,
				04D7535A7C037163BC6CE583 /* FloatFromKeyValue.swift in Sources */,
				633D8B9218D92D0A02B527C0 /* FloatFromString.swift in Sources */,
				1C05F6C3E9E0E068D56EC443 /* FloatIF.swift in Sources */,
				3CBF4CD04E369562D0C6B10A /* FloatMultiplicated.swift in Sources */,
				9A9DB824A51C46498D36AE85 /* FloatSubtracted.swift in Sources */,
				9875EC3AFE73197A4D16E27E /* FloatSummarized.swift in Sources */,
				390DF4FF25F17F5A49696D7B /* HasWritableBoolValue.swift in Sources */,
				59271DCFB59F14723073ED23 /* HasWritableFloatValue.swift in Sources */,
				89823367CA69F19775874470 /* HasWritableIntValue.swift in Sources */,
				6E6D201030A225824AEE3862 /* HasWritableKeyValueValue.swift in Sources */,
				9799C7C5FAE8633C35A23989 /* HasWritableStringValue.swift in Sources */,
				4E96EBBCDFA3382E4819A972 /* InformNothing.swift in Sources */,
				67F4577D928EEEC4EC41B306 /* InformOnSetBool.swift in Sources */,
				9B582CEC9E782375FC986D1A /* InformOnSetFloat.swift in Sources */,
				86F84BF69B564EDD523E4416 /* InformOnSetInt.swift in Sources */,
				AC2C1F7C5ADDC5A5A62744B3 /* InformOnSetString.swift in Sources */,
				D3C0F1A107B600EB7D0CBDA7 /* InformSplitting.swift in Sources */,
				047FCE3C810F1D9890597E8D /* IntCached.swift in Sources */,
				D46483DB06E9448D00BFA152 /* IntConst.swift in Sources */,
				54C11F6D8D09D78B37035A8D /* IntDivided.swift in Sources */,
				525573D4208EE26928085F31 /* IntFromBool.swift in Sources */,
				72BF11201D4180E14AA4F9B8 /* IntFromFloat.swift in Sources */,
				2CD21FDCC86C42729DB27DC1 /* IntFromKeyValue.swift in Sources */,
				922D116F10ACD9CCE011EB9F /* IntFromString.swift in Sources */,
				EA907F6BE1D0AC8799FA660F /* IntIF.swift in Sources */,
				31C3422316C00DC648B97801 /* IntMultiplicated.swift in Sources */,
				3B14D885815F591C7F5AFA73 /* IntSubtracted.swift in Sources */,
				A6EE0F763204CC1E6CE89965 /* IntSummarized.swift in Sources */,
				1B201C974A5AF9942D3D3562 /* IsEmptyString.swift in Sources */,
				6689B2184B9F6EB98AD4E6A2 /* IsEqualBools.swift in Sources */,
				094722DC87124A52D497C438 /* IsEqualFloats.swift in Sources */,
				240363C49FA11DD48F35FC64 /* IsEqualInts.swift in Sources */,
				6AB11FED6BC4E292588675B2 /* IsEqualStrings.swift in Sources */,
				100769E05CA2AAC19C3A1CBB /* Not.swift in Sources */,
				97820DD9EF22843F0F065257 /* OOAny.swift in Sources */,
				519533356DAB94F6126C9F69 /* OOBool.swift in Sources */,
				D727B39704315EB4F12547C0 /* OOEventInform.swift in Sources */,
				FDB960CAECA3F6D2FAF28A00 /* OOExecutable.swift in Sources */,
				D433922D20AAC94D1A079105 /* OOFloat.swift in Sources */,
				198A0C426DBC7E77058A0300 /* OOInt.swift in Sources */,
				3B6B0BB3993AF48D7EF9EBCC /* OOKeyValue.swift in Sources */,
				BC0990B4519B1D3F69FA574B /* OOString.swift in Sources */,
				BB767C58CED9E4BB4D8F499A /* OOWritableBool.swift in Sources */,
				4BFA65624526545A0C4D73BE /* OOWritableFloat.swift in Sources */,
				5696042467EAC6A1605BE542 /* OOWritableInt.swift in Sources */,
				60A04BD4E7579071E7316950 /* OOWritableKeyValue.swift in Sources */,
				933757E50FEF24C89EC47168 /* OOWritableString.swift in Sources */,
				4619A2B912C28A4266FDE7E5 /* OR.swift in Sources */,
				A861F3A783077EF73A37BA16 /* StringCached.swift in Sources */,
				3A03BCED0BBDA4610031A646 /* StringConst.swift in Sources */,
				89CD6E82A6973FC7761516A4 /* StringFromBool.swift in Sources */,
				982E9E16D3C7DB99820EF781 /* StringFromFloat.swift in Sources */,
				79D6E8969016E0D2514FE04D /* StringFromInt.swift in Sources */,
				CF2F0C3783EA11C19408AB08 /* StringFromKeyValue.swift in Sources */,
				B6D845DD430C1298981E1E3D /* StringIF.swift in Sources */,
				3413D1A0168767A603F0E188 /* StringSummarized.swift in Sources */,
				8FE716823E905FDFBCADE34D /* TRUE.swift in Sources */,
				2114F5281AC9D5C38FE7DD8C /* WritableBoolFromWritableKeyValue.swift in Sources */,
				AE6DBFDFC2FC8290ECDF1351 /* WritableBoolMemory.swift in Sources */,
				5FDC542C342DDA5F26D675C9 /* WritableFloatFromWritableKeyValue.swift in Sources */,
				52A9EBDEDBD25C58924023BE /* WritableFloatMemory.swift in Sources */,
				641389A2B63DE9E5A06B234D /* WritableIntFromWritableKeyValue.swift in Sources */,
				DB08B8AEFEDC10540BF3A9D9 /* WritableIntMemory.swift in Sources */,
				DD07E824FF00ABE735E0CAB2 /* WritableKeyValueMemory.swift in Sources */,
				60225BFA768BB9727262F9CA /* WritableKeyValuePrefixedKeys.swift in Sources */,
				AC063EA5DEA3B9E375A72408 /* WritableStringFromWritableKeyValue.swift in Sources */,
				6B2E9FCE427664F2A7CF854F /* WritableStringMemory.swift in Sources */,
			);
			runOnlyForDeploymentPostprocessing = 0;
		};
/* End PBXSourcesBuildPhase section */

/* Begin PBXTargetDependency section */
		40AE00377F2B9517E298A2E5 /* PBXTargetDependency */ = {
			isa = PBXTargetDependency;
			name = OOBase;
			target = C24AC14BB4D32371C1452B9F /* OOBase */;
			targetProxy = 3A6FCF8FEB743A4BA0BAFD6F /* PBXContainerItemProxy */;
		};
/* End PBXTargetDependency section */

/* Begin XCBuildConfiguration section */
		069E8AB5B8BEEFE97E1FCA27 /* Release */ = {
			isa = XCBuildConfiguration;
			baseConfigurationReference = DBBBF7B9B1AAB22BDDAA3F82 /* Release.xcconfig */;
			buildSettings = {
			};
			name = Release;
		};
		12FBB7F062EB5AF2814533D1 /* Debug */ = {
			isa = XCBuildConfiguration;
			baseConfigurationReference = 78409007186BB0E16E9076E8 /* Debug.xcconfig */;
			buildSettings = {
			};
			name = Debug;
		};
		1B7FB0167DEF5597AED0606D /* Debug */ = {
			isa = XCBuildConfiguration;
			baseConfigurationReference = E7807D096EF747A54253CF51 /* Debug.xcconfig */;
			buildSettings = {
			};
			name = Debug;
		};
		222470F1842C202D63F241F2 /* Release */ = {
			isa = XCBuildConfiguration;
			baseConfigurationReference = 2993DC8D572FB8D1E8050318 /* Release.xcconfig */;
			buildSettings = {
			};
			name = Release;
		};
		680F0DC2CB0CCF1959367B4F /* Release */ = {
			isa = XCBuildConfiguration;
			baseConfigurationReference = D6D1A9BAE9507ACC3928C41A /* Release.xcconfig */;
			buildSettings = {
			};
			name = Release;
		};
		ECA2753914C7D18218792C6E /* Debug */ = {
			isa = XCBuildConfiguration;
			baseConfigurationReference = F5DC50CE6BDC9B78DBAD7348 /* Debug.xcconfig */;
			buildSettings = {
			};
			name = Debug;
		};
/* End XCBuildConfiguration section */

/* Begin XCConfigurationList section */
		6C1E417533445A2993FD62EF /* Build configuration list for PBXNativeTarget "OOBase" */ = {
			isa = XCConfigurationList;
			buildConfigurations = (
				222470F1842C202D63F241F2 /* Release */,
				1B7FB0167DEF5597AED0606D /* Debug */,
			);
			defaultConfigurationIsVisible = 0;
			defaultConfigurationName = Release;
		};
		70C945C7C0065E6B53B6CCDB /* Build configuration list for PBXNativeTarget "OOBaseTests" */ = {
			isa = XCConfigurationList;
			buildConfigurations = (
				680F0DC2CB0CCF1959367B4F /* Release */,
				12FBB7F062EB5AF2814533D1 /* Debug */,
			);
			defaultConfigurationIsVisible = 0;
			defaultConfigurationName = Release;
		};
		D2D23FFA59A2D8C8443F8B5D /* Build configuration list for PBXProject "OOBase" */ = {
			isa = XCConfigurationList;
			buildConfigurations = (
				ECA2753914C7D18218792C6E /* Debug */,
				069E8AB5B8BEEFE97E1FCA27 /* Release */,
			);
			defaultConfigurationIsVisible = 0;
			defaultConfigurationName = Release;
		};
/* End XCConfigurationList section */
	};
	rootObject = 1E23B997759400B39DE04DDE /* Project object */;
}
